// !$*UTF8*$!
{
	archiveVersion = 1;
	classes = {
	};
	objectVersion = 46;
	objects = {

/* Begin PBXBuildFile section */
		03434D151CB8313D000CBEDE /* License_Checker.cpp in Sources */ = {isa = PBXBuildFile; fileRef = 03434D0D1CB8313D000CBEDE /* License_Checker.cpp */; };
		03434D161CB8313D000CBEDE /* License_SSLSocket.cpp in Sources */ = {isa = PBXBuildFile; fileRef = 03434D0F1CB8313D000CBEDE /* License_SSLSocket.cpp */; };
		03434D171CB8313D000CBEDE /* SMC.cpp in Sources */ = {isa = PBXBuildFile; fileRef = 03434D111CB8313D000CBEDE /* SMC.cpp */; };
		03434D181CB8313D000CBEDE /* SystemInfo.cpp in Sources */ = {isa = PBXBuildFile; fileRef = 03434D131CB8313D000CBEDE /* SystemInfo.cpp */; };
		03560EC11BD35BE7008740E4 /* ComEnum.cpp in Sources */ = {isa = PBXBuildFile; fileRef = 035607CC1BD35BD4008740E4 /* ComEnum.cpp */; };
		03560EC21BD35BE7008740E4 /* CommandGList.cpp in Sources */ = {isa = PBXBuildFile; fileRef = 035607CE1BD35BD4008740E4 /* CommandGList.cpp */; };
		03560EC31BD35BE7008740E4 /* CommandSList.cpp in Sources */ = {isa = PBXBuildFile; fileRef = 035607D01BD35BD4008740E4 /* CommandSList.cpp */; };
		03560EC41BD35BE7008740E4 /* Device.cpp in Sources */ = {isa = PBXBuildFile; fileRef = 035607D21BD35BD4008740E4 /* Device.cpp */; };
		03560EC51BD35BE7008740E4 /* ParRecord.cpp in Sources */ = {isa = PBXBuildFile; fileRef = 035607D41BD35BD4008740E4 /* ParRecord.cpp */; };
		03560EC61BD35BE7008740E4 /* SBIC.cpp in Sources */ = {isa = PBXBuildFile; fileRef = 035607D71BD35BD4008740E4 /* SBIC.cpp */; };
		03560EC71BD35BE7008740E4 /* SBIC_B.cpp in Sources */ = {isa = PBXBuildFile; fileRef = 035607D91BD35BD4008740E4 /* SBIC_B.cpp */; };
		03560EC81BD35BE7008740E4 /* SBIC_Build.cpp in Sources */ = {isa = PBXBuildFile; fileRef = 035607DB1BD35BD4008740E4 /* SBIC_Build.cpp */; };
		03560EC91BD35BE7008740E4 /* SBIC_Condition.cpp in Sources */ = {isa = PBXBuildFile; fileRef = 035607DD1BD35BD4008740E4 /* SBIC_Condition.cpp */; };
		03560ECA1BD35BE7008740E4 /* SBIC_Expression.cpp in Sources */ = {isa = PBXBuildFile; fileRef = 035607DF1BD35BD4008740E4 /* SBIC_Expression.cpp */; };
		03560ECB1BD35BE7008740E4 /* SBIC_RunExternal.cpp in Sources */ = {isa = PBXBuildFile; fileRef = 035607E11BD35BD4008740E4 /* SBIC_RunExternal.cpp */; };
		03560ECC1BD35BE7008740E4 /* SBIC_Search.cpp in Sources */ = {isa = PBXBuildFile; fileRef = 035607E31BD35BD4008740E4 /* SBIC_Search.cpp */; };
		03560ECD1BD35BE7008740E4 /* Script.cpp in Sources */ = {isa = PBXBuildFile; fileRef = 035607E51BD35BD4008740E4 /* Script.cpp */; };
		03560ECE1BD35BE7008740E4 /* SendFiles.cpp in Sources */ = {isa = PBXBuildFile; fileRef = 035607E71BD35BD4008740E4 /* SendFiles.cpp */; };
		03560ECF1BD35BE7008740E4 /* TelitCMUX.cpp in Sources */ = {isa = PBXBuildFile; fileRef = 035607E91BD35BD4008740E4 /* TelitCMUX.cpp */; };
		03560ED01BD35BE7008740E4 /* AppLayer.cpp in Sources */ = {isa = PBXBuildFile; fileRef = 035607EB1BD35BD4008740E4 /* AppLayer.cpp */; };
		03560ED11BD35BE7008740E4 /* Comm_Convert.cpp in Sources */ = {isa = PBXBuildFile; fileRef = 035607F11BD35BD4008740E4 /* Comm_Convert.cpp */; };
		03560ED21BD35BE7008740E4 /* Comm_FIFO.cpp in Sources */ = {isa = PBXBuildFile; fileRef = 035607F31BD35BD4008740E4 /* Comm_FIFO.cpp */; };
		03560ED31BD35BE7008740E4 /* Comm_Tree.cpp in Sources */ = {isa = PBXBuildFile; fileRef = 035607F71BD35BD4008740E4 /* Comm_Tree.cpp */; };
		03560ED41BD35BE7008740E4 /* SYS_Time.cpp in Sources */ = {isa = PBXBuildFile; fileRef = 035607FB1BD35BD4008740E4 /* SYS_Time.cpp */; };
		03560ED51BD35BE7008740E4 /* Comm_Buffer.cpp in Sources */ = {isa = PBXBuildFile; fileRef = 035607FE1BD35BD4008740E4 /* Comm_Buffer.cpp */; };
		03560ED61BD35BE7008740E4 /* Comm_Crypto.cpp in Sources */ = {isa = PBXBuildFile; fileRef = 035608001BD35BD4008740E4 /* Comm_Crypto.cpp */; };
		03560ED71BD35BE7008740E4 /* Comm_File.cpp in Sources */ = {isa = PBXBuildFile; fileRef = 035608021BD35BD4008740E4 /* Comm_File.cpp */; };
		03560ED81BD35BE7008740E4 /* Comm_PA.cpp in Sources */ = {isa = PBXBuildFile; fileRef = 035608041BD35BD4008740E4 /* Comm_PA.cpp */; };
		03560EDA1BD35BE7008740E4 /* Commu_Com.cpp in Sources */ = {isa = PBXBuildFile; fileRef = 035608091BD35BD4008740E4 /* Commu_Com.cpp */; };
		03560EDB1BD35BE7008740E4 /* Commu_DBuf.cpp in Sources */ = {isa = PBXBuildFile; fileRef = 0356080B1BD35BD4008740E4 /* Commu_DBuf.cpp */; };
		03560EDD1BD35BE7008740E4 /* Commu_NTPServer.cpp in Sources */ = {isa = PBXBuildFile; fileRef = 035608101BD35BD4008740E4 /* Commu_NTPServer.cpp */; };
		03560EDE1BD35BE7008740E4 /* Commu_Socket.cpp in Sources */ = {isa = PBXBuildFile; fileRef = 035608121BD35BD4008740E4 /* Commu_Socket.cpp */; };
		03560EDF1BD35BE7008740E4 /* Commu_SocketServer.cpp in Sources */ = {isa = PBXBuildFile; fileRef = 035608141BD35BD4008740E4 /* Commu_SocketServer.cpp */; };
		03560EE01BD35BE7008740E4 /* PL_Hotplug.cpp in Sources */ = {isa = PBXBuildFile; fileRef = 035608191BD35BD4008740E4 /* PL_Hotplug.cpp */; };
		03560EE11BD35BE7008740E4 /* PL_Modem.cpp in Sources */ = {isa = PBXBuildFile; fileRef = 0356081B1BD35BD4008740E4 /* PL_Modem.cpp */; };
		03560EE21BD35BE7008740E4 /* ColorRecord.cpp in Sources */ = {isa = PBXBuildFile; fileRef = 0356081E1BD35BD4008740E4 /* ColorRecord.cpp */; };
		03560EE41BD35BE7008740E4 /* ODEV_FILE.cpp in Sources */ = {isa = PBXBuildFile; fileRef = 035608221BD35BD4008740E4 /* ODEV_FILE.cpp */; };
		03560EE51BD35BE7008740E4 /* ODEV_LIST.cpp in Sources */ = {isa = PBXBuildFile; fileRef = 035608251BD35BD4008740E4 /* ODEV_LIST.cpp */; };
		03560EE61BD35BE7008740E4 /* ODEV_Node.cpp in Sources */ = {isa = PBXBuildFile; fileRef = 035608271BD35BD4008740E4 /* ODEV_Node.cpp */; };
		03560EE71BD35BE7008740E4 /* ODEV_SDOUT.cpp in Sources */ = {isa = PBXBuildFile; fileRef = 035608291BD35BD4008740E4 /* ODEV_SDOUT.cpp */; };
		03560EEA1BD35BE7008740E4 /* MBIM_DeviceService.cpp in Sources */ = {isa = PBXBuildFile; fileRef = 035608311BD35BD4008740E4 /* MBIM_DeviceService.cpp */; };
		03560EEF1BD35BE7008740E4 /* SDT.cpp in Sources */ = {isa = PBXBuildFile; fileRef = 03560EA31BD35BE6008740E4 /* SDT.cpp */; };
		03560EF01BD35BE7008740E4 /* BIC_AUX.cpp in Sources */ = {isa = PBXBuildFile; fileRef = 03560EA91BD35BE7008740E4 /* BIC_AUX.cpp */; };
		03560EF11BD35BE7008740E4 /* BIC_B.cpp in Sources */ = {isa = PBXBuildFile; fileRef = 03560EAB1BD35BE7008740E4 /* BIC_B.cpp */; };
		03560EF21BD35BE7008740E4 /* BIC_Calc.cpp in Sources */ = {isa = PBXBuildFile; fileRef = 03560EAD1BD35BE7008740E4 /* BIC_Calc.cpp */; };
		03560EF31BD35BE7008740E4 /* BIC_CMUX.cpp in Sources */ = {isa = PBXBuildFile; fileRef = 03560EAF1BD35BE7008740E4 /* BIC_CMUX.cpp */; };
		03560EF41BD35BE7008740E4 /* BIC_COM.cpp in Sources */ = {isa = PBXBuildFile; fileRef = 03560EB11BD35BE7008740E4 /* BIC_COM.cpp */; };
		03560EF51BD35BE7008740E4 /* BIC_Connect.cpp in Sources */ = {isa = PBXBuildFile; fileRef = 03560EB31BD35BE7008740E4 /* BIC_Connect.cpp */; };
		03560EF61BD35BE7008740E4 /* BIC_Other.cpp in Sources */ = {isa = PBXBuildFile; fileRef = 03560EB51BD35BE7008740E4 /* BIC_Other.cpp */; };
		03560EF71BD35BE7008740E4 /* BIC_Script.cpp in Sources */ = {isa = PBXBuildFile; fileRef = 03560EB71BD35BE7008740E4 /* BIC_Script.cpp */; };
		03560EF81BD35BE7008740E4 /* BIC_Socket.cpp in Sources */ = {isa = PBXBuildFile; fileRef = 03560EB91BD35BE7008740E4 /* BIC_Socket.cpp */; };
		03560EF91BD35BE7008740E4 /* BuildInCommand.cpp in Sources */ = {isa = PBXBuildFile; fileRef = 03560EBB1BD35BE7008740E4 /* BuildInCommand.cpp */; };
		03560EFA1BD35BE7008740E4 /* Console.cpp in Sources */ = {isa = PBXBuildFile; fileRef = 03560EBD1BD35BE7008740E4 /* Console.cpp */; };
		03560EFB1BD35BE7008740E4 /* Terminal.cpp in Sources */ = {isa = PBXBuildFile; fileRef = 03560EBF1BD35BE7008740E4 /* Terminal.cpp */; };
		03560F021BD3B5B4008740E4 /* libcrypto.a in Frameworks */ = {isa = PBXBuildFile; fileRef = 03560F001BD3B5B4008740E4 /* libcrypto.a */; };
		03560F031BD3B5B4008740E4 /* libssl.a in Frameworks */ = {isa = PBXBuildFile; fileRef = 03560F011BD3B5B4008740E4 /* libssl.a */; };
		0384E0661BDE19A100157F54 /* Commu_SSLSocket.cpp in Sources */ = {isa = PBXBuildFile; fileRef = 0384E0641BDE19A100157F54 /* Commu_SSLSocket.cpp */; };
		29EFB4751C4255CB00386E07 /* Commu_RMS.cpp in Sources */ = {isa = PBXBuildFile; fileRef = 29EFB4731C4255CB00386E07 /* Commu_RMS.cpp */; };
/* End PBXBuildFile section */

/* Begin PBXCopyFilesBuildPhase section */
		035600881BD35AF9008740E4 /* CopyFiles */ = {
			isa = PBXCopyFilesBuildPhase;
			buildActionMask = 2147483647;
			dstPath = /usr/share/man/man1/;
			dstSubfolderSpec = 0;
			files = (
			);
			runOnlyForDeploymentPostprocessing = 1;
		};
/* End PBXCopyFilesBuildPhase section */

/* Begin PBXFileReference section */
		03434D0D1CB8313D000CBEDE /* License_Checker.cpp */ = {isa = PBXFileReference; fileEncoding = 4; lastKnownFileType = sourcecode.cpp.cpp; path = License_Checker.cpp; sourceTree = "<group>"; };
		03434D0E1CB8313D000CBEDE /* License_Checker.h */ = {isa = PBXFileReference; fileEncoding = 4; lastKnownFileType = sourcecode.c.h; path = License_Checker.h; sourceTree = "<group>"; };
		03434D0F1CB8313D000CBEDE /* License_SSLSocket.cpp */ = {isa = PBXFileReference; fileEncoding = 4; lastKnownFileType = sourcecode.cpp.cpp; path = License_SSLSocket.cpp; sourceTree = "<group>"; };
		03434D101CB8313D000CBEDE /* License_SSLSocket.h */ = {isa = PBXFileReference; fileEncoding = 4; lastKnownFileType = sourcecode.c.h; path = License_SSLSocket.h; sourceTree = "<group>"; };
		03434D111CB8313D000CBEDE /* SMC.cpp */ = {isa = PBXFileReference; fileEncoding = 4; lastKnownFileType = sourcecode.cpp.cpp; path = SMC.cpp; sourceTree = "<group>"; };
		03434D121CB8313D000CBEDE /* SMC.h */ = {isa = PBXFileReference; fileEncoding = 4; lastKnownFileType = sourcecode.c.h; path = SMC.h; sourceTree = "<group>"; };
		03434D131CB8313D000CBEDE /* SystemInfo.cpp */ = {isa = PBXFileReference; fileEncoding = 4; lastKnownFileType = sourcecode.cpp.cpp; path = SystemInfo.cpp; sourceTree = "<group>"; };
		03434D141CB8313D000CBEDE /* SystemInfo.h */ = {isa = PBXFileReference; fileEncoding = 4; lastKnownFileType = sourcecode.c.h; path = SystemInfo.h; sourceTree = "<group>"; };
		0356008A1BD35AF9008740E4 /* SDT */ = {isa = PBXFileReference; explicitFileType = "compiled.mach-o.executable"; includeInIndex = 0; path = SDT; sourceTree = BUILT_PRODUCTS_DIR; };
		035607CC1BD35BD4008740E4 /* ComEnum.cpp */ = {isa = PBXFileReference; fileEncoding = 4; lastKnownFileType = sourcecode.cpp.cpp; path = ComEnum.cpp; sourceTree = "<group>"; };
		035607CD1BD35BD4008740E4 /* ComEnum.h */ = {isa = PBXFileReference; fileEncoding = 4; lastKnownFileType = sourcecode.c.h; path = ComEnum.h; sourceTree = "<group>"; };
		035607CE1BD35BD4008740E4 /* CommandGList.cpp */ = {isa = PBXFileReference; fileEncoding = 4; lastKnownFileType = sourcecode.cpp.cpp; path = CommandGList.cpp; sourceTree = "<group>"; };
		035607CF1BD35BD4008740E4 /* CommandGList.h */ = {isa = PBXFileReference; fileEncoding = 4; lastKnownFileType = sourcecode.c.h; path = CommandGList.h; sourceTree = "<group>"; };
		035607D01BD35BD4008740E4 /* CommandSList.cpp */ = {isa = PBXFileReference; fileEncoding = 4; lastKnownFileType = sourcecode.cpp.cpp; path = CommandSList.cpp; sourceTree = "<group>"; };
		035607D11BD35BD4008740E4 /* CommandSList.h */ = {isa = PBXFileReference; fileEncoding = 4; lastKnownFileType = sourcecode.c.h; path = CommandSList.h; sourceTree = "<group>"; };
		035607D21BD35BD4008740E4 /* Device.cpp */ = {isa = PBXFileReference; fileEncoding = 4; lastKnownFileType = sourcecode.cpp.cpp; path = Device.cpp; sourceTree = "<group>"; };
		035607D31BD35BD4008740E4 /* Device.h */ = {isa = PBXFileReference; fileEncoding = 4; lastKnownFileType = sourcecode.c.h; path = Device.h; sourceTree = "<group>"; };
		035607D41BD35BD4008740E4 /* ParRecord.cpp */ = {isa = PBXFileReference; fileEncoding = 4; lastKnownFileType = sourcecode.cpp.cpp; path = ParRecord.cpp; sourceTree = "<group>"; };
		035607D51BD35BD4008740E4 /* ParRecord.h */ = {isa = PBXFileReference; fileEncoding = 4; lastKnownFileType = sourcecode.c.h; path = ParRecord.h; sourceTree = "<group>"; };
		035607D71BD35BD4008740E4 /* SBIC.cpp */ = {isa = PBXFileReference; fileEncoding = 4; lastKnownFileType = sourcecode.cpp.cpp; path = SBIC.cpp; sourceTree = "<group>"; };
		035607D81BD35BD4008740E4 /* SBIC.h */ = {isa = PBXFileReference; fileEncoding = 4; lastKnownFileType = sourcecode.c.h; path = SBIC.h; sourceTree = "<group>"; };
		035607D91BD35BD4008740E4 /* SBIC_B.cpp */ = {isa = PBXFileReference; fileEncoding = 4; lastKnownFileType = sourcecode.cpp.cpp; path = SBIC_B.cpp; sourceTree = "<group>"; };
		035607DA1BD35BD4008740E4 /* SBIC_B.h */ = {isa = PBXFileReference; fileEncoding = 4; lastKnownFileType = sourcecode.c.h; path = SBIC_B.h; sourceTree = "<group>"; };
		035607DB1BD35BD4008740E4 /* SBIC_Build.cpp */ = {isa = PBXFileReference; fileEncoding = 4; lastKnownFileType = sourcecode.cpp.cpp; path = SBIC_Build.cpp; sourceTree = "<group>"; };
		035607DC1BD35BD4008740E4 /* SBIC_Build.h */ = {isa = PBXFileReference; fileEncoding = 4; lastKnownFileType = sourcecode.c.h; path = SBIC_Build.h; sourceTree = "<group>"; };
		035607DD1BD35BD4008740E4 /* SBIC_Condition.cpp */ = {isa = PBXFileReference; fileEncoding = 4; lastKnownFileType = sourcecode.cpp.cpp; path = SBIC_Condition.cpp; sourceTree = "<group>"; };
		035607DE1BD35BD4008740E4 /* SBIC_Condition.h */ = {isa = PBXFileReference; fileEncoding = 4; lastKnownFileType = sourcecode.c.h; path = SBIC_Condition.h; sourceTree = "<group>"; };
		035607DF1BD35BD4008740E4 /* SBIC_Expression.cpp */ = {isa = PBXFileReference; fileEncoding = 4; lastKnownFileType = sourcecode.cpp.cpp; path = SBIC_Expression.cpp; sourceTree = "<group>"; };
		035607E01BD35BD4008740E4 /* SBIC_Expression.h */ = {isa = PBXFileReference; fileEncoding = 4; lastKnownFileType = sourcecode.c.h; path = SBIC_Expression.h; sourceTree = "<group>"; };
		035607E11BD35BD4008740E4 /* SBIC_RunExternal.cpp */ = {isa = PBXFileReference; fileEncoding = 4; lastKnownFileType = sourcecode.cpp.cpp; path = SBIC_RunExternal.cpp; sourceTree = "<group>"; };
		035607E21BD35BD4008740E4 /* SBIC_RunExternal.h */ = {isa = PBXFileReference; fileEncoding = 4; lastKnownFileType = sourcecode.c.h; path = SBIC_RunExternal.h; sourceTree = "<group>"; };
		035607E31BD35BD4008740E4 /* SBIC_Search.cpp */ = {isa = PBXFileReference; fileEncoding = 4; lastKnownFileType = sourcecode.cpp.cpp; path = SBIC_Search.cpp; sourceTree = "<group>"; };
		035607E41BD35BD4008740E4 /* SBIC_Search.h */ = {isa = PBXFileReference; fileEncoding = 4; lastKnownFileType = sourcecode.c.h; path = SBIC_Search.h; sourceTree = "<group>"; };
		035607E51BD35BD4008740E4 /* Script.cpp */ = {isa = PBXFileReference; fileEncoding = 4; lastKnownFileType = sourcecode.cpp.cpp; path = Script.cpp; sourceTree = "<group>"; };
		035607E61BD35BD4008740E4 /* Script.h */ = {isa = PBXFileReference; fileEncoding = 4; lastKnownFileType = sourcecode.c.h; path = Script.h; sourceTree = "<group>"; };
		035607E71BD35BD4008740E4 /* SendFiles.cpp */ = {isa = PBXFileReference; fileEncoding = 4; lastKnownFileType = sourcecode.cpp.cpp; path = SendFiles.cpp; sourceTree = "<group>"; };
		035607E81BD35BD4008740E4 /* SendFiles.h */ = {isa = PBXFileReference; fileEncoding = 4; lastKnownFileType = sourcecode.c.h; path = SendFiles.h; sourceTree = "<group>"; };
		035607E91BD35BD4008740E4 /* TelitCMUX.cpp */ = {isa = PBXFileReference; fileEncoding = 4; lastKnownFileType = sourcecode.cpp.cpp; path = TelitCMUX.cpp; sourceTree = "<group>"; };
		035607EA1BD35BD4008740E4 /* TelitCMUX.h */ = {isa = PBXFileReference; fileEncoding = 4; lastKnownFileType = sourcecode.c.h; path = TelitCMUX.h; sourceTree = "<group>"; };
		035607EB1BD35BD4008740E4 /* AppLayer.cpp */ = {isa = PBXFileReference; fileEncoding = 4; lastKnownFileType = sourcecode.cpp.cpp; path = AppLayer.cpp; sourceTree = "<group>"; };
		035607EC1BD35BD4008740E4 /* AppLayer.h */ = {isa = PBXFileReference; fileEncoding = 4; lastKnownFileType = sourcecode.c.h; path = AppLayer.h; sourceTree = "<group>"; };
		035607EE1BD35BD4008740E4 /* Basic_Include.h */ = {isa = PBXFileReference; fileEncoding = 4; lastKnownFileType = sourcecode.c.h; path = Basic_Include.h; sourceTree = "<group>"; };
		035607EF1BD35BD4008740E4 /* BasicClass.h */ = {isa = PBXFileReference; fileEncoding = 4; lastKnownFileType = sourcecode.c.h; path = BasicClass.h; sourceTree = "<group>"; };
		035607F01BD35BD4008740E4 /* BasicDef.h */ = {isa = PBXFileReference; fileEncoding = 4; lastKnownFileType = sourcecode.c.h; lineEnding = 2; path = BasicDef.h; sourceTree = "<group>"; xcLanguageSpecificationIdentifier = xcode.lang.objcpp; };
		035607F11BD35BD4008740E4 /* Comm_Convert.cpp */ = {isa = PBXFileReference; fileEncoding = 4; lastKnownFileType = sourcecode.cpp.cpp; path = Comm_Convert.cpp; sourceTree = "<group>"; };
		035607F21BD35BD4008740E4 /* Comm_Convert.h */ = {isa = PBXFileReference; fileEncoding = 4; lastKnownFileType = sourcecode.c.h; path = Comm_Convert.h; sourceTree = "<group>"; };
		035607F31BD35BD4008740E4 /* Comm_FIFO.cpp */ = {isa = PBXFileReference; fileEncoding = 4; lastKnownFileType = sourcecode.cpp.cpp; path = Comm_FIFO.cpp; sourceTree = "<group>"; };
		035607F41BD35BD4008740E4 /* Comm_FIFO.h */ = {isa = PBXFileReference; fileEncoding = 4; lastKnownFileType = sourcecode.c.h; path = Comm_FIFO.h; sourceTree = "<group>"; };
		035607F71BD35BD4008740E4 /* Comm_Tree.cpp */ = {isa = PBXFileReference; fileEncoding = 4; lastKnownFileType = sourcecode.cpp.cpp; path = Comm_Tree.cpp; sourceTree = "<group>"; };
		035607F81BD35BD4008740E4 /* Comm_Tree.h */ = {isa = PBXFileReference; fileEncoding = 4; lastKnownFileType = sourcecode.c.h; path = Comm_Tree.h; sourceTree = "<group>"; };
		035607F91BD35BD4008740E4 /* SYS_Lock.h */ = {isa = PBXFileReference; fileEncoding = 4; lastKnownFileType = sourcecode.c.h; path = SYS_Lock.h; sourceTree = "<group>"; };
		035607FA1BD35BD4008740E4 /* SYS_Thread.h */ = {isa = PBXFileReference; fileEncoding = 4; lastKnownFileType = sourcecode.c.h; path = SYS_Thread.h; sourceTree = "<group>"; };
		035607FB1BD35BD4008740E4 /* SYS_Time.cpp */ = {isa = PBXFileReference; fileEncoding = 4; lastKnownFileType = sourcecode.cpp.cpp; lineEnding = 2; path = SYS_Time.cpp; sourceTree = "<group>"; xcLanguageSpecificationIdentifier = xcode.lang.cpp; };
		035607FC1BD35BD4008740E4 /* SYS_Time.h */ = {isa = PBXFileReference; fileEncoding = 4; lastKnownFileType = sourcecode.c.h; lineEnding = 2; path = SYS_Time.h; sourceTree = "<group>"; };
		035607FE1BD35BD4008740E4 /* Comm_Buffer.cpp */ = {isa = PBXFileReference; fileEncoding = 4; lastKnownFileType = sourcecode.cpp.cpp; path = Comm_Buffer.cpp; sourceTree = "<group>"; };
		035607FF1BD35BD4008740E4 /* Comm_Buffer.h */ = {isa = PBXFileReference; fileEncoding = 4; lastKnownFileType = sourcecode.c.h; path = Comm_Buffer.h; sourceTree = "<group>"; };
		035608001BD35BD4008740E4 /* Comm_Crypto.cpp */ = {isa = PBXFileReference; fileEncoding = 4; lastKnownFileType = sourcecode.cpp.cpp; path = Comm_Crypto.cpp; sourceTree = "<group>"; };
		035608011BD35BD4008740E4 /* Comm_Crypto.h */ = {isa = PBXFileReference; fileEncoding = 4; lastKnownFileType = sourcecode.c.h; path = Comm_Crypto.h; sourceTree = "<group>"; };
		035608021BD35BD4008740E4 /* Comm_File.cpp */ = {isa = PBXFileReference; fileEncoding = 4; lastKnownFileType = sourcecode.cpp.cpp; path = Comm_File.cpp; sourceTree = "<group>"; };
		035608031BD35BD4008740E4 /* Comm_File.h */ = {isa = PBXFileReference; fileEncoding = 4; lastKnownFileType = sourcecode.c.h; path = Comm_File.h; sourceTree = "<group>"; };
		035608041BD35BD4008740E4 /* Comm_PA.cpp */ = {isa = PBXFileReference; fileEncoding = 4; lastKnownFileType = sourcecode.cpp.cpp; path = Comm_PA.cpp; sourceTree = "<group>"; };
		035608051BD35BD4008740E4 /* Comm_PA.h */ = {isa = PBXFileReference; fileEncoding = 4; lastKnownFileType = sourcecode.c.h; path = Comm_PA.h; sourceTree = "<group>"; };
		035608091BD35BD4008740E4 /* Commu_Com.cpp */ = {isa = PBXFileReference; fileEncoding = 4; lastKnownFileType = sourcecode.cpp.cpp; path = Commu_Com.cpp; sourceTree = "<group>"; };
		0356080A1BD35BD4008740E4 /* Commu_Com.h */ = {isa = PBXFileReference; fileEncoding = 4; lastKnownFileType = sourcecode.c.h; path = Commu_Com.h; sourceTree = "<group>"; };
		0356080B1BD35BD4008740E4 /* Commu_DBuf.cpp */ = {isa = PBXFileReference; fileEncoding = 4; lastKnownFileType = sourcecode.cpp.cpp; path = Commu_DBuf.cpp; sourceTree = "<group>"; };
		0356080C1BD35BD4008740E4 /* Commu_DBuf.h */ = {isa = PBXFileReference; fileEncoding = 4; lastKnownFileType = sourcecode.c.h; path = Commu_DBuf.h; sourceTree = "<group>"; };
		0356080F1BD35BD4008740E4 /* Commu_Include.h */ = {isa = PBXFileReference; fileEncoding = 4; lastKnownFileType = sourcecode.c.h; path = Commu_Include.h; sourceTree = "<group>"; };
		035608101BD35BD4008740E4 /* Commu_NTPServer.cpp */ = {isa = PBXFileReference; fileEncoding = 4; lastKnownFileType = sourcecode.cpp.cpp; path = Commu_NTPServer.cpp; sourceTree = "<group>"; };
		035608111BD35BD4008740E4 /* Commu_NTPServer.h */ = {isa = PBXFileReference; fileEncoding = 4; lastKnownFileType = sourcecode.c.h; path = Commu_NTPServer.h; sourceTree = "<group>"; };
		035608121BD35BD4008740E4 /* Commu_Socket.cpp */ = {isa = PBXFileReference; fileEncoding = 4; lastKnownFileType = sourcecode.cpp.cpp; lineEnding = 2; path = Commu_Socket.cpp; sourceTree = "<group>"; xcLanguageSpecificationIdentifier = xcode.lang.cpp; };
		035608131BD35BD4008740E4 /* Commu_Socket.h */ = {isa = PBXFileReference; fileEncoding = 4; lastKnownFileType = sourcecode.c.h; path = Commu_Socket.h; sourceTree = "<group>"; };
		035608141BD35BD4008740E4 /* Commu_SocketServer.cpp */ = {isa = PBXFileReference; fileEncoding = 4; lastKnownFileType = sourcecode.cpp.cpp; path = Commu_SocketServer.cpp; sourceTree = "<group>"; };
		035608151BD35BD4008740E4 /* Commu_SocketServer.h */ = {isa = PBXFileReference; fileEncoding = 4; lastKnownFileType = sourcecode.c.h; path = Commu_SocketServer.h; sourceTree = "<group>"; };
		035608161BD35BD4008740E4 /* Global.h */ = {isa = PBXFileReference; fileEncoding = 4; lastKnownFileType = sourcecode.c.h; path = Global.h; sourceTree = "<group>"; };
		035608171BD35BD4008740E4 /* GlobalDef.h */ = {isa = PBXFileReference; fileEncoding = 4; lastKnownFileType = sourcecode.c.h; path = GlobalDef.h; sourceTree = "<group>"; };
		035608191BD35BD4008740E4 /* PL_Hotplug.cpp */ = {isa = PBXFileReference; fileEncoding = 4; lastKnownFileType = sourcecode.cpp.cpp; path = PL_Hotplug.cpp; sourceTree = "<group>"; };
		0356081A1BD35BD4008740E4 /* PL_Hotplug.h */ = {isa = PBXFileReference; fileEncoding = 4; lastKnownFileType = sourcecode.c.h; path = PL_Hotplug.h; sourceTree = "<group>"; };
		0356081B1BD35BD4008740E4 /* PL_Modem.cpp */ = {isa = PBXFileReference; fileEncoding = 4; lastKnownFileType = sourcecode.cpp.cpp; path = PL_Modem.cpp; sourceTree = "<group>"; };
		0356081C1BD35BD4008740E4 /* PL_Modem.h */ = {isa = PBXFileReference; fileEncoding = 4; lastKnownFileType = sourcecode.c.h; path = PL_Modem.h; sourceTree = "<group>"; };
		0356081E1BD35BD4008740E4 /* ColorRecord.cpp */ = {isa = PBXFileReference; fileEncoding = 4; lastKnownFileType = sourcecode.cpp.cpp; path = ColorRecord.cpp; sourceTree = "<group>"; };
		0356081F1BD35BD4008740E4 /* ColorRecord.h */ = {isa = PBXFileReference; fileEncoding = 4; lastKnownFileType = sourcecode.c.h; path = ColorRecord.h; sourceTree = "<group>"; };
		035608221BD35BD4008740E4 /* ODEV_FILE.cpp */ = {isa = PBXFileReference; fileEncoding = 4; lastKnownFileType = sourcecode.cpp.cpp; path = ODEV_FILE.cpp; sourceTree = "<group>"; };
		035608231BD35BD4008740E4 /* ODEV_FILE.h */ = {isa = PBXFileReference; fileEncoding = 4; lastKnownFileType = sourcecode.c.h; path = ODEV_FILE.h; sourceTree = "<group>"; };
		035608241BD35BD4008740E4 /* ODEV_Include.h */ = {isa = PBXFileReference; fileEncoding = 4; lastKnownFileType = sourcecode.c.h; path = ODEV_Include.h; sourceTree = "<group>"; };
		035608251BD35BD4008740E4 /* ODEV_LIST.cpp */ = {isa = PBXFileReference; fileEncoding = 4; lastKnownFileType = sourcecode.cpp.cpp; lineEnding = 2; path = ODEV_LIST.cpp; sourceTree = "<group>"; xcLanguageSpecificationIdentifier = xcode.lang.cpp; };
		035608261BD35BD4008740E4 /* ODEV_LIST.h */ = {isa = PBXFileReference; fileEncoding = 4; lastKnownFileType = sourcecode.c.h; path = ODEV_LIST.h; sourceTree = "<group>"; };
		035608271BD35BD4008740E4 /* ODEV_Node.cpp */ = {isa = PBXFileReference; fileEncoding = 4; lastKnownFileType = sourcecode.cpp.cpp; path = ODEV_Node.cpp; sourceTree = "<group>"; };
		035608281BD35BD4008740E4 /* ODEV_Node.h */ = {isa = PBXFileReference; fileEncoding = 4; lastKnownFileType = sourcecode.c.h; path = ODEV_Node.h; sourceTree = "<group>"; };
		035608291BD35BD4008740E4 /* ODEV_SDOUT.cpp */ = {isa = PBXFileReference; fileEncoding = 4; lastKnownFileType = sourcecode.cpp.cpp; path = ODEV_SDOUT.cpp; sourceTree = "<group>"; };
		0356082A1BD35BD4008740E4 /* ODEV_SDOUT.h */ = {isa = PBXFileReference; fileEncoding = 4; lastKnownFileType = sourcecode.c.h; path = ODEV_SDOUT.h; sourceTree = "<group>"; };
		035608311BD35BD4008740E4 /* MBIM_DeviceService.cpp */ = {isa = PBXFileReference; fileEncoding = 4; lastKnownFileType = sourcecode.cpp.cpp; path = MBIM_DeviceService.cpp; sourceTree = "<group>"; };
		035608321BD35BD4008740E4 /* MBIM_DeviceService.h */ = {isa = PBXFileReference; fileEncoding = 4; lastKnownFileType = sourcecode.c.h; path = MBIM_DeviceService.h; sourceTree = "<group>"; };
		0356083F1BD35BD4008740E4 /* aes.h */ = {isa = PBXFileReference; fileEncoding = 4; lastKnownFileType = sourcecode.c.h; path = aes.h; sourceTree = "<group>"; };
		035608401BD35BD4008740E4 /* asn1.h */ = {isa = PBXFileReference; fileEncoding = 4; lastKnownFileType = sourcecode.c.h; path = asn1.h; sourceTree = "<group>"; };
		035608411BD35BD4008740E4 /* asn1_mac.h */ = {isa = PBXFileReference; fileEncoding = 4; lastKnownFileType = sourcecode.c.h; path = asn1_mac.h; sourceTree = "<group>"; };
		035608421BD35BD4008740E4 /* asn1t.h */ = {isa = PBXFileReference; fileEncoding = 4; lastKnownFileType = sourcecode.c.h; path = asn1t.h; sourceTree = "<group>"; };
		035608431BD35BD4008740E4 /* bio.h */ = {isa = PBXFileReference; fileEncoding = 4; lastKnownFileType = sourcecode.c.h; path = bio.h; sourceTree = "<group>"; };
		035608441BD35BD4008740E4 /* blowfish.h */ = {isa = PBXFileReference; fileEncoding = 4; lastKnownFileType = sourcecode.c.h; path = blowfish.h; sourceTree = "<group>"; };
		035608451BD35BD4008740E4 /* bn.h */ = {isa = PBXFileReference; fileEncoding = 4; lastKnownFileType = sourcecode.c.h; path = bn.h; sourceTree = "<group>"; };
		035608461BD35BD4008740E4 /* buffer.h */ = {isa = PBXFileReference; fileEncoding = 4; lastKnownFileType = sourcecode.c.h; path = buffer.h; sourceTree = "<group>"; };
		035608471BD35BD4008740E4 /* camellia.h */ = {isa = PBXFileReference; fileEncoding = 4; lastKnownFileType = sourcecode.c.h; path = camellia.h; sourceTree = "<group>"; };
		035608481BD35BD4008740E4 /* cast.h */ = {isa = PBXFileReference; fileEncoding = 4; lastKnownFileType = sourcecode.c.h; path = cast.h; sourceTree = "<group>"; };
		035608491BD35BD4008740E4 /* cmac.h */ = {isa = PBXFileReference; fileEncoding = 4; lastKnownFileType = sourcecode.c.h; path = cmac.h; sourceTree = "<group>"; };
		0356084A1BD35BD4008740E4 /* cms.h */ = {isa = PBXFileReference; fileEncoding = 4; lastKnownFileType = sourcecode.c.h; path = cms.h; sourceTree = "<group>"; };
		0356084B1BD35BD4008740E4 /* comp.h */ = {isa = PBXFileReference; fileEncoding = 4; lastKnownFileType = sourcecode.c.h; path = comp.h; sourceTree = "<group>"; };
		0356084C1BD35BD4008740E4 /* conf.h */ = {isa = PBXFileReference; fileEncoding = 4; lastKnownFileType = sourcecode.c.h; path = conf.h; sourceTree = "<group>"; };
		0356084D1BD35BD4008740E4 /* conf_api.h */ = {isa = PBXFileReference; fileEncoding = 4; lastKnownFileType = sourcecode.c.h; path = conf_api.h; sourceTree = "<group>"; };
		0356084E1BD35BD4008740E4 /* crypto.h */ = {isa = PBXFileReference; fileEncoding = 4; lastKnownFileType = sourcecode.c.h; path = crypto.h; sourceTree = "<group>"; };
		0356084F1BD35BD4008740E4 /* des.h */ = {isa = PBXFileReference; fileEncoding = 4; lastKnownFileType = sourcecode.c.h; path = des.h; sourceTree = "<group>"; };
		035608501BD35BD4008740E4 /* des_old.h */ = {isa = PBXFileReference; fileEncoding = 4; lastKnownFileType = sourcecode.c.h; path = des_old.h; sourceTree = "<group>"; };
		035608511BD35BD4008740E4 /* dh.h */ = {isa = PBXFileReference; fileEncoding = 4; lastKnownFileType = sourcecode.c.h; path = dh.h; sourceTree = "<group>"; };
		035608521BD35BD4008740E4 /* dsa.h */ = {isa = PBXFileReference; fileEncoding = 4; lastKnownFileType = sourcecode.c.h; path = dsa.h; sourceTree = "<group>"; };
		035608531BD35BD4008740E4 /* dso.h */ = {isa = PBXFileReference; fileEncoding = 4; lastKnownFileType = sourcecode.c.h; path = dso.h; sourceTree = "<group>"; };
		035608541BD35BD4008740E4 /* dtls1.h */ = {isa = PBXFileReference; fileEncoding = 4; lastKnownFileType = sourcecode.c.h; path = dtls1.h; sourceTree = "<group>"; };
		035608551BD35BD4008740E4 /* e_os2.h */ = {isa = PBXFileReference; fileEncoding = 4; lastKnownFileType = sourcecode.c.h; path = e_os2.h; sourceTree = "<group>"; };
		035608561BD35BD4008740E4 /* ebcdic.h */ = {isa = PBXFileReference; fileEncoding = 4; lastKnownFileType = sourcecode.c.h; path = ebcdic.h; sourceTree = "<group>"; };
		035608571BD35BD4008740E4 /* ec.h */ = {isa = PBXFileReference; fileEncoding = 4; lastKnownFileType = sourcecode.c.h; path = ec.h; sourceTree = "<group>"; };
		035608581BD35BD4008740E4 /* ecdh.h */ = {isa = PBXFileReference; fileEncoding = 4; lastKnownFileType = sourcecode.c.h; path = ecdh.h; sourceTree = "<group>"; };
		035608591BD35BD4008740E4 /* ecdsa.h */ = {isa = PBXFileReference; fileEncoding = 4; lastKnownFileType = sourcecode.c.h; path = ecdsa.h; sourceTree = "<group>"; };
		0356085A1BD35BD4008740E4 /* engine.h */ = {isa = PBXFileReference; fileEncoding = 4; lastKnownFileType = sourcecode.c.h; path = engine.h; sourceTree = "<group>"; };
		0356085B1BD35BD4008740E4 /* err.h */ = {isa = PBXFileReference; fileEncoding = 4; lastKnownFileType = sourcecode.c.h; path = err.h; sourceTree = "<group>"; };
		0356085C1BD35BD4008740E4 /* evp.h */ = {isa = PBXFileReference; fileEncoding = 4; lastKnownFileType = sourcecode.c.h; path = evp.h; sourceTree = "<group>"; };
		0356085D1BD35BD4008740E4 /* hmac.h */ = {isa = PBXFileReference; fileEncoding = 4; lastKnownFileType = sourcecode.c.h; path = hmac.h; sourceTree = "<group>"; };
		0356085E1BD35BD4008740E4 /* idea.h */ = {isa = PBXFileReference; fileEncoding = 4; lastKnownFileType = sourcecode.c.h; path = idea.h; sourceTree = "<group>"; };
		0356085F1BD35BD4008740E4 /* krb5_asn.h */ = {isa = PBXFileReference; fileEncoding = 4; lastKnownFileType = sourcecode.c.h; path = krb5_asn.h; sourceTree = "<group>"; };
		035608601BD35BD4008740E4 /* kssl.h */ = {isa = PBXFileReference; fileEncoding = 4; lastKnownFileType = sourcecode.c.h; path = kssl.h; sourceTree = "<group>"; };
		035608611BD35BD4008740E4 /* lhash.h */ = {isa = PBXFileReference; fileEncoding = 4; lastKnownFileType = sourcecode.c.h; path = lhash.h; sourceTree = "<group>"; };
		035608621BD35BD4008740E4 /* md4.h */ = {isa = PBXFileReference; fileEncoding = 4; lastKnownFileType = sourcecode.c.h; path = md4.h; sourceTree = "<group>"; };
		035608631BD35BD4008740E4 /* md5.h */ = {isa = PBXFileReference; fileEncoding = 4; lastKnownFileType = sourcecode.c.h; path = md5.h; sourceTree = "<group>"; };
		035608641BD35BD4008740E4 /* mdc2.h */ = {isa = PBXFileReference; fileEncoding = 4; lastKnownFileType = sourcecode.c.h; path = mdc2.h; sourceTree = "<group>"; };
		035608651BD35BD4008740E4 /* modes.h */ = {isa = PBXFileReference; fileEncoding = 4; lastKnownFileType = sourcecode.c.h; path = modes.h; sourceTree = "<group>"; };
		035608661BD35BD4008740E4 /* obj_mac.h */ = {isa = PBXFileReference; fileEncoding = 4; lastKnownFileType = sourcecode.c.h; path = obj_mac.h; sourceTree = "<group>"; };
		035608671BD35BD4008740E4 /* objects.h */ = {isa = PBXFileReference; fileEncoding = 4; lastKnownFileType = sourcecode.c.h; path = objects.h; sourceTree = "<group>"; };
		035608681BD35BD4008740E4 /* ocsp.h */ = {isa = PBXFileReference; fileEncoding = 4; lastKnownFileType = sourcecode.c.h; path = ocsp.h; sourceTree = "<group>"; };
		035608691BD35BD4008740E4 /* opensslconf.h */ = {isa = PBXFileReference; fileEncoding = 4; lastKnownFileType = sourcecode.c.h; path = opensslconf.h; sourceTree = "<group>"; };
		0356086A1BD35BD4008740E4 /* opensslv.h */ = {isa = PBXFileReference; fileEncoding = 4; lastKnownFileType = sourcecode.c.h; path = opensslv.h; sourceTree = "<group>"; };
		0356086B1BD35BD4008740E4 /* ossl_typ.h */ = {isa = PBXFileReference; fileEncoding = 4; lastKnownFileType = sourcecode.c.h; path = ossl_typ.h; sourceTree = "<group>"; };
		0356086C1BD35BD4008740E4 /* pem.h */ = {isa = PBXFileReference; fileEncoding = 4; lastKnownFileType = sourcecode.c.h; path = pem.h; sourceTree = "<group>"; };
		0356086D1BD35BD4008740E4 /* pem2.h */ = {isa = PBXFileReference; fileEncoding = 4; lastKnownFileType = sourcecode.c.h; path = pem2.h; sourceTree = "<group>"; };
		0356086E1BD35BD4008740E4 /* pkcs12.h */ = {isa = PBXFileReference; fileEncoding = 4; lastKnownFileType = sourcecode.c.h; path = pkcs12.h; sourceTree = "<group>"; };
		0356086F1BD35BD4008740E4 /* pkcs7.h */ = {isa = PBXFileReference; fileEncoding = 4; lastKnownFileType = sourcecode.c.h; path = pkcs7.h; sourceTree = "<group>"; };
		035608701BD35BD4008740E4 /* pqueue.h */ = {isa = PBXFileReference; fileEncoding = 4; lastKnownFileType = sourcecode.c.h; path = pqueue.h; sourceTree = "<group>"; };
		035608711BD35BD4008740E4 /* rand.h */ = {isa = PBXFileReference; fileEncoding = 4; lastKnownFileType = sourcecode.c.h; path = rand.h; sourceTree = "<group>"; };
		035608721BD35BD4008740E4 /* rc2.h */ = {isa = PBXFileReference; fileEncoding = 4; lastKnownFileType = sourcecode.c.h; path = rc2.h; sourceTree = "<group>"; };
		035608731BD35BD4008740E4 /* rc4.h */ = {isa = PBXFileReference; fileEncoding = 4; lastKnownFileType = sourcecode.c.h; path = rc4.h; sourceTree = "<group>"; };
		035608741BD35BD4008740E4 /* ripemd.h */ = {isa = PBXFileReference; fileEncoding = 4; lastKnownFileType = sourcecode.c.h; path = ripemd.h; sourceTree = "<group>"; };
		035608751BD35BD4008740E4 /* rsa.h */ = {isa = PBXFileReference; fileEncoding = 4; lastKnownFileType = sourcecode.c.h; path = rsa.h; sourceTree = "<group>"; };
		035608761BD35BD4008740E4 /* safestack.h */ = {isa = PBXFileReference; fileEncoding = 4; lastKnownFileType = sourcecode.c.h; path = safestack.h; sourceTree = "<group>"; };
		035608771BD35BD4008740E4 /* seed.h */ = {isa = PBXFileReference; fileEncoding = 4; lastKnownFileType = sourcecode.c.h; path = seed.h; sourceTree = "<group>"; };
		035608781BD35BD4008740E4 /* sha.h */ = {isa = PBXFileReference; fileEncoding = 4; lastKnownFileType = sourcecode.c.h; path = sha.h; sourceTree = "<group>"; };
		035608791BD35BD4008740E4 /* srp.h */ = {isa = PBXFileReference; fileEncoding = 4; lastKnownFileType = sourcecode.c.h; path = srp.h; sourceTree = "<group>"; };
		0356087A1BD35BD4008740E4 /* srtp.h */ = {isa = PBXFileReference; fileEncoding = 4; lastKnownFileType = sourcecode.c.h; path = srtp.h; sourceTree = "<group>"; };
		0356087B1BD35BD4008740E4 /* ssl.h */ = {isa = PBXFileReference; fileEncoding = 4; lastKnownFileType = sourcecode.c.h; path = ssl.h; sourceTree = "<group>"; };
		0356087C1BD35BD4008740E4 /* ssl2.h */ = {isa = PBXFileReference; fileEncoding = 4; lastKnownFileType = sourcecode.c.h; path = ssl2.h; sourceTree = "<group>"; };
		0356087D1BD35BD4008740E4 /* ssl23.h */ = {isa = PBXFileReference; fileEncoding = 4; lastKnownFileType = sourcecode.c.h; path = ssl23.h; sourceTree = "<group>"; };
		0356087E1BD35BD4008740E4 /* ssl3.h */ = {isa = PBXFileReference; fileEncoding = 4; lastKnownFileType = sourcecode.c.h; path = ssl3.h; sourceTree = "<group>"; };
		0356087F1BD35BD4008740E4 /* stack.h */ = {isa = PBXFileReference; fileEncoding = 4; lastKnownFileType = sourcecode.c.h; path = stack.h; sourceTree = "<group>"; };
		035608801BD35BD4008740E4 /* symhacks.h */ = {isa = PBXFileReference; fileEncoding = 4; lastKnownFileType = sourcecode.c.h; path = symhacks.h; sourceTree = "<group>"; };
		035608811BD35BD4008740E4 /* tls1.h */ = {isa = PBXFileReference; fileEncoding = 4; lastKnownFileType = sourcecode.c.h; path = tls1.h; sourceTree = "<group>"; };
		035608821BD35BD4008740E4 /* ts.h */ = {isa = PBXFileReference; fileEncoding = 4; lastKnownFileType = sourcecode.c.h; path = ts.h; sourceTree = "<group>"; };
		035608831BD35BD4008740E4 /* txt_db.h */ = {isa = PBXFileReference; fileEncoding = 4; lastKnownFileType = sourcecode.c.h; path = txt_db.h; sourceTree = "<group>"; };
		035608841BD35BD4008740E4 /* ui.h */ = {isa = PBXFileReference; fileEncoding = 4; lastKnownFileType = sourcecode.c.h; path = ui.h; sourceTree = "<group>"; };
		035608851BD35BD4008740E4 /* ui_compat.h */ = {isa = PBXFileReference; fileEncoding = 4; lastKnownFileType = sourcecode.c.h; path = ui_compat.h; sourceTree = "<group>"; };
		035608861BD35BD4008740E4 /* whrlpool.h */ = {isa = PBXFileReference; fileEncoding = 4; lastKnownFileType = sourcecode.c.h; path = whrlpool.h; sourceTree = "<group>"; };
		035608871BD35BD4008740E4 /* x509.h */ = {isa = PBXFileReference; fileEncoding = 4; lastKnownFileType = sourcecode.c.h; path = x509.h; sourceTree = "<group>"; };
		035608881BD35BD4008740E4 /* x509_vfy.h */ = {isa = PBXFileReference; fileEncoding = 4; lastKnownFileType = sourcecode.c.h; path = x509_vfy.h; sourceTree = "<group>"; };
		035608891BD35BD4008740E4 /* x509v3.h */ = {isa = PBXFileReference; fileEncoding = 4; lastKnownFileType = sourcecode.c.h; path = x509v3.h; sourceTree = "<group>"; };
		0356088F1BD35BD4008740E4 /* libcrypto.pc */ = {isa = PBXFileReference; fileEncoding = 4; lastKnownFileType = text; path = libcrypto.pc; sourceTree = "<group>"; };
		035608901BD35BD4008740E4 /* libssl.pc */ = {isa = PBXFileReference; fileEncoding = 4; lastKnownFileType = text; path = libssl.pc; sourceTree = "<group>"; };
		035608911BD35BD4008740E4 /* openssl.pc */ = {isa = PBXFileReference; fileEncoding = 4; lastKnownFileType = text; path = openssl.pc; sourceTree = "<group>"; };
		03560EA31BD35BE6008740E4 /* SDT.cpp */ = {isa = PBXFileReference; fileEncoding = 4; lastKnownFileType = sourcecode.cpp.cpp; lineEnding = 2; path = SDT.cpp; sourceTree = "<group>"; xcLanguageSpecificationIdentifier = xcode.lang.cpp; };
		03560EA41BD35BE6008740E4 /* SDT.h */ = {isa = PBXFileReference; fileEncoding = 4; lastKnownFileType = sourcecode.c.h; path = SDT.h; sourceTree = "<group>"; };
		03560EA51BD35BE6008740E4 /* stdafx.h */ = {isa = PBXFileReference; fileEncoding = 4; lastKnownFileType = sourcecode.c.h; path = stdafx.h; sourceTree = "<group>"; };
		03560EA81BD35BE7008740E4 /* BIC.h */ = {isa = PBXFileReference; fileEncoding = 4; lastKnownFileType = sourcecode.c.h; path = BIC.h; sourceTree = "<group>"; };
		03560EA91BD35BE7008740E4 /* BIC_AUX.cpp */ = {isa = PBXFileReference; fileEncoding = 4; lastKnownFileType = sourcecode.cpp.cpp; path = BIC_AUX.cpp; sourceTree = "<group>"; };
		03560EAA1BD35BE7008740E4 /* BIC_AUX.h */ = {isa = PBXFileReference; fileEncoding = 4; lastKnownFileType = sourcecode.c.h; path = BIC_AUX.h; sourceTree = "<group>"; };
		03560EAB1BD35BE7008740E4 /* BIC_B.cpp */ = {isa = PBXFileReference; fileEncoding = 4; lastKnownFileType = sourcecode.cpp.cpp; path = BIC_B.cpp; sourceTree = "<group>"; };
		03560EAC1BD35BE7008740E4 /* BIC_B.h */ = {isa = PBXFileReference; fileEncoding = 4; lastKnownFileType = sourcecode.c.h; path = BIC_B.h; sourceTree = "<group>"; };
		03560EAD1BD35BE7008740E4 /* BIC_Calc.cpp */ = {isa = PBXFileReference; fileEncoding = 4; lastKnownFileType = sourcecode.cpp.cpp; path = BIC_Calc.cpp; sourceTree = "<group>"; };
		03560EAE1BD35BE7008740E4 /* BIC_Calc.h */ = {isa = PBXFileReference; fileEncoding = 4; lastKnownFileType = sourcecode.c.h; path = BIC_Calc.h; sourceTree = "<group>"; };
		03560EAF1BD35BE7008740E4 /* BIC_CMUX.cpp */ = {isa = PBXFileReference; fileEncoding = 4; lastKnownFileType = sourcecode.cpp.cpp; path = BIC_CMUX.cpp; sourceTree = "<group>"; };
		03560EB01BD35BE7008740E4 /* BIC_CMUX.h */ = {isa = PBXFileReference; fileEncoding = 4; lastKnownFileType = sourcecode.c.h; path = BIC_CMUX.h; sourceTree = "<group>"; };
		03560EB11BD35BE7008740E4 /* BIC_COM.cpp */ = {isa = PBXFileReference; fileEncoding = 4; lastKnownFileType = sourcecode.cpp.cpp; path = BIC_COM.cpp; sourceTree = "<group>"; };
		03560EB21BD35BE7008740E4 /* BIC_COM.h */ = {isa = PBXFileReference; fileEncoding = 4; lastKnownFileType = sourcecode.c.h; path = BIC_COM.h; sourceTree = "<group>"; };
		03560EB31BD35BE7008740E4 /* BIC_Connect.cpp */ = {isa = PBXFileReference; fileEncoding = 4; lastKnownFileType = sourcecode.cpp.cpp; path = BIC_Connect.cpp; sourceTree = "<group>"; };
		03560EB41BD35BE7008740E4 /* BIC_Connect.h */ = {isa = PBXFileReference; fileEncoding = 4; lastKnownFileType = sourcecode.c.h; path = BIC_Connect.h; sourceTree = "<group>"; };
		03560EB51BD35BE7008740E4 /* BIC_Other.cpp */ = {isa = PBXFileReference; fileEncoding = 4; lastKnownFileType = sourcecode.cpp.cpp; path = BIC_Other.cpp; sourceTree = "<group>"; };
		03560EB61BD35BE7008740E4 /* BIC_Other.h */ = {isa = PBXFileReference; fileEncoding = 4; lastKnownFileType = sourcecode.c.h; path = BIC_Other.h; sourceTree = "<group>"; };
		03560EB71BD35BE7008740E4 /* BIC_Script.cpp */ = {isa = PBXFileReference; fileEncoding = 4; lastKnownFileType = sourcecode.cpp.cpp; path = BIC_Script.cpp; sourceTree = "<group>"; };
		03560EB81BD35BE7008740E4 /* BIC_Script.h */ = {isa = PBXFileReference; fileEncoding = 4; lastKnownFileType = sourcecode.c.h; path = BIC_Script.h; sourceTree = "<group>"; };
		03560EB91BD35BE7008740E4 /* BIC_Socket.cpp */ = {isa = PBXFileReference; fileEncoding = 4; lastKnownFileType = sourcecode.cpp.cpp; path = BIC_Socket.cpp; sourceTree = "<group>"; };
		03560EBA1BD35BE7008740E4 /* BIC_Socket.h */ = {isa = PBXFileReference; fileEncoding = 4; lastKnownFileType = sourcecode.c.h; path = BIC_Socket.h; sourceTree = "<group>"; };
		03560EBB1BD35BE7008740E4 /* BuildInCommand.cpp */ = {isa = PBXFileReference; fileEncoding = 4; lastKnownFileType = sourcecode.cpp.cpp; path = BuildInCommand.cpp; sourceTree = "<group>"; };
		03560EBC1BD35BE7008740E4 /* BuildInCommand.h */ = {isa = PBXFileReference; fileEncoding = 4; lastKnownFileType = sourcecode.c.h; path = BuildInCommand.h; sourceTree = "<group>"; };
		03560EBD1BD35BE7008740E4 /* Console.cpp */ = {isa = PBXFileReference; fileEncoding = 4; lastKnownFileType = sourcecode.cpp.cpp; path = Console.cpp; sourceTree = "<group>"; };
		03560EBE1BD35BE7008740E4 /* Console.h */ = {isa = PBXFileReference; fileEncoding = 4; lastKnownFileType = sourcecode.c.h; path = Console.h; sourceTree = "<group>"; };
		03560EBF1BD35BE7008740E4 /* Terminal.cpp */ = {isa = PBXFileReference; fileEncoding = 4; lastKnownFileType = sourcecode.cpp.cpp; lineEnding = 2; path = Terminal.cpp; sourceTree = "<group>"; xcLanguageSpecificationIdentifier = xcode.lang.cpp; };
		03560EC01BD35BE7008740E4 /* Terminal.h */ = {isa = PBXFileReference; fileEncoding = 4; lastKnownFileType = sourcecode.c.h; path = Terminal.h; sourceTree = "<group>"; };
		03560F001BD3B5B4008740E4 /* libcrypto.a */ = {isa = PBXFileReference; lastKnownFileType = archive.ar; path = libcrypto.a; sourceTree = "<group>"; };
		03560F011BD3B5B4008740E4 /* libssl.a */ = {isa = PBXFileReference; lastKnownFileType = archive.ar; path = libssl.a; sourceTree = "<group>"; };
		0384E0641BDE19A100157F54 /* Commu_SSLSocket.cpp */ = {isa = PBXFileReference; fileEncoding = 4; lastKnownFileType = sourcecode.cpp.cpp; lineEnding = 2; path = Commu_SSLSocket.cpp; sourceTree = "<group>"; xcLanguageSpecificationIdentifier = xcode.lang.cpp; };
		0384E0651BDE19A100157F54 /* Commu_SSLSocket.h */ = {isa = PBXFileReference; fileEncoding = 4; lastKnownFileType = sourcecode.c.h; path = Commu_SSLSocket.h; sourceTree = "<group>"; };
		29EFB4731C4255CB00386E07 /* Commu_RMS.cpp */ = {isa = PBXFileReference; fileEncoding = 4; lastKnownFileType = sourcecode.cpp.cpp; path = Commu_RMS.cpp; sourceTree = "<group>"; };
		29EFB4741C4255CB00386E07 /* Commu_RMS.h */ = {isa = PBXFileReference; fileEncoding = 4; lastKnownFileType = sourcecode.c.h; path = Commu_RMS.h; sourceTree = "<group>"; };
/* End PBXFileReference section */

/* Begin PBXFrameworksBuildPhase section */
		035600871BD35AF9008740E4 /* Frameworks */ = {
			isa = PBXFrameworksBuildPhase;
			buildActionMask = 2147483647;
			files = (
				03560F031BD3B5B4008740E4 /* libssl.a in Frameworks */,
				03560F021BD3B5B4008740E4 /* libcrypto.a in Frameworks */,
			);
			runOnlyForDeploymentPostprocessing = 0;
		};
/* End PBXFrameworksBuildPhase section */

/* Begin PBXGroup section */
		03434D0C1CB8313D000CBEDE /* License */ = {
			isa = PBXGroup;
			children = (
				03434D141CB8313D000CBEDE /* SystemInfo.h */,
				03434D131CB8313D000CBEDE /* SystemInfo.cpp */,
				03434D121CB8313D000CBEDE /* SMC.h */,
				03434D111CB8313D000CBEDE /* SMC.cpp */,
				03434D0E1CB8313D000CBEDE /* License_Checker.h */,
				03434D0D1CB8313D000CBEDE /* License_Checker.cpp */,
				03434D101CB8313D000CBEDE /* License_SSLSocket.h */,
				03434D0F1CB8313D000CBEDE /* License_SSLSocket.cpp */,
			);
			path = License;
			sourceTree = "<group>";
		};
		035600811BD35AF9008740E4 = {
			isa = PBXGroup;
			children = (
				035607C91BD35BD4008740E4 /* code */,
				0356008B1BD35AF9008740E4 /* Products */,
			);
			sourceTree = "<group>";
		};
		0356008B1BD35AF9008740E4 /* Products */ = {
			isa = PBXGroup;
			children = (
				0356008A1BD35AF9008740E4 /* SDT */,
			);
			name = Products;
			sourceTree = "<group>";
		};
		035607C91BD35BD4008740E4 /* code */ = {
			isa = PBXGroup;
			children = (
				03560EA51BD35BE6008740E4 /* stdafx.h */,
				03560EA41BD35BE6008740E4 /* SDT.h */,
				03560EA31BD35BE6008740E4 /* SDT.cpp */,
				035607CA1BD35BD4008740E4 /* Core */,
				03560EA61BD35BE7008740E4 /* UIConsole */,
				035608371BD35BD4008740E4 /* Openssl */,
			);
			name = code;
			path = ../Linux_MAC/code;
			sourceTree = "<group>";
		};
		035607CA1BD35BD4008740E4 /* Core */ = {
			isa = PBXGroup;
			children = (
				035608161BD35BD4008740E4 /* Global.h */,
				035608171BD35BD4008740E4 /* GlobalDef.h */,
				035607EC1BD35BD4008740E4 /* AppLayer.h */,
				035607EB1BD35BD4008740E4 /* AppLayer.cpp */,
				035607ED1BD35BD4008740E4 /* Basis */,
				035607FD1BD35BD4008740E4 /* BasisEx */,
				0356081D1BD35BD4008740E4 /* Output */,
				035608081BD35BD4008740E4 /* Communication */,
				03434D0C1CB8313D000CBEDE /* License */,
				035608181BD35BD4008740E4 /* Linux */,
				0356082B1BD35BD4008740E4 /* Win7 */,
				035607CB1BD35BD4008740E4 /* AppLayer */,
			);
			path = Core;
			sourceTree = "<group>";
		};
		035607CB1BD35BD4008740E4 /* AppLayer */ = {
			isa = PBXGroup;
			children = (
				035607D61BD35BD4008740E4 /* Script */,
				035607D31BD35BD4008740E4 /* Device.h */,
				035607D21BD35BD4008740E4 /* Device.cpp */,
				035607CD1BD35BD4008740E4 /* ComEnum.h */,
				035607CC1BD35BD4008740E4 /* ComEnum.cpp */,
				035607D11BD35BD4008740E4 /* CommandSList.h */,
				035607D01BD35BD4008740E4 /* CommandSList.cpp */,
				035607CF1BD35BD4008740E4 /* CommandGList.h */,
				035607CE1BD35BD4008740E4 /* CommandGList.cpp */,
				035607D51BD35BD4008740E4 /* ParRecord.h */,
				035607D41BD35BD4008740E4 /* ParRecord.cpp */,
				035607E81BD35BD4008740E4 /* SendFiles.h */,
				035607E71BD35BD4008740E4 /* SendFiles.cpp */,
				035607EA1BD35BD4008740E4 /* TelitCMUX.h */,
				035607E91BD35BD4008740E4 /* TelitCMUX.cpp */,
			);
			path = AppLayer;
			sourceTree = "<group>";
		};
		035607D61BD35BD4008740E4 /* Script */ = {
			isa = PBXGroup;
			children = (
				035607E61BD35BD4008740E4 /* Script.h */,
				035607E51BD35BD4008740E4 /* Script.cpp */,
				035607D81BD35BD4008740E4 /* SBIC.h */,
				035607D71BD35BD4008740E4 /* SBIC.cpp */,
				035607DA1BD35BD4008740E4 /* SBIC_B.h */,
				035607D91BD35BD4008740E4 /* SBIC_B.cpp */,
				035607DC1BD35BD4008740E4 /* SBIC_Build.h */,
				035607DB1BD35BD4008740E4 /* SBIC_Build.cpp */,
				035607E41BD35BD4008740E4 /* SBIC_Search.h */,
				035607E31BD35BD4008740E4 /* SBIC_Search.cpp */,
				035607DE1BD35BD4008740E4 /* SBIC_Condition.h */,
				035607DD1BD35BD4008740E4 /* SBIC_Condition.cpp */,
				035607E01BD35BD4008740E4 /* SBIC_Expression.h */,
				035607DF1BD35BD4008740E4 /* SBIC_Expression.cpp */,
				035607E21BD35BD4008740E4 /* SBIC_RunExternal.h */,
				035607E11BD35BD4008740E4 /* SBIC_RunExternal.cpp */,
			);
			path = Script;
			sourceTree = "<group>";
		};
		035607ED1BD35BD4008740E4 /* Basis */ = {
			isa = PBXGroup;
			children = (
				035607EE1BD35BD4008740E4 /* Basic_Include.h */,
				035607F01BD35BD4008740E4 /* BasicDef.h */,
				035607F91BD35BD4008740E4 /* SYS_Lock.h */,
				035607EF1BD35BD4008740E4 /* BasicClass.h */,
				035607F41BD35BD4008740E4 /* Comm_FIFO.h */,
				035607F31BD35BD4008740E4 /* Comm_FIFO.cpp */,
				035607F81BD35BD4008740E4 /* Comm_Tree.h */,
				035607F71BD35BD4008740E4 /* Comm_Tree.cpp */,
				035607FA1BD35BD4008740E4 /* SYS_Thread.h */,
				035607FC1BD35BD4008740E4 /* SYS_Time.h */,
				035607FB1BD35BD4008740E4 /* SYS_Time.cpp */,
				035607F21BD35BD4008740E4 /* Comm_Convert.h */,
				035607F11BD35BD4008740E4 /* Comm_Convert.cpp */,
			);
			path = Basis;
			sourceTree = "<group>";
		};
		035607FD1BD35BD4008740E4 /* BasisEx */ = {
			isa = PBXGroup;
			children = (
				035607FF1BD35BD4008740E4 /* Comm_Buffer.h */,
				035607FE1BD35BD4008740E4 /* Comm_Buffer.cpp */,
				035608051BD35BD4008740E4 /* Comm_PA.h */,
				035608041BD35BD4008740E4 /* Comm_PA.cpp */,
				035608031BD35BD4008740E4 /* Comm_File.h */,
				035608021BD35BD4008740E4 /* Comm_File.cpp */,
				035608011BD35BD4008740E4 /* Comm_Crypto.h */,
				035608001BD35BD4008740E4 /* Comm_Crypto.cpp */,
			);
			path = BasisEx;
			sourceTree = "<group>";
		};
		035608081BD35BD4008740E4 /* Communication */ = {
			isa = PBXGroup;
			children = (
				0356080F1BD35BD4008740E4 /* Commu_Include.h */,
				0356080C1BD35BD4008740E4 /* Commu_DBuf.h */,
				0356080B1BD35BD4008740E4 /* Commu_DBuf.cpp */,
				0356080A1BD35BD4008740E4 /* Commu_Com.h */,
				035608091BD35BD4008740E4 /* Commu_Com.cpp */,
				035608131BD35BD4008740E4 /* Commu_Socket.h */,
				035608121BD35BD4008740E4 /* Commu_Socket.cpp */,
				0384E0651BDE19A100157F54 /* Commu_SSLSocket.h */,
				0384E0641BDE19A100157F54 /* Commu_SSLSocket.cpp */,
				035608151BD35BD4008740E4 /* Commu_SocketServer.h */,
				035608141BD35BD4008740E4 /* Commu_SocketServer.cpp */,
				29EFB4741C4255CB00386E07 /* Commu_RMS.h */,
				29EFB4731C4255CB00386E07 /* Commu_RMS.cpp */,
				035608111BD35BD4008740E4 /* Commu_NTPServer.h */,
				035608101BD35BD4008740E4 /* Commu_NTPServer.cpp */,
			);
			path = Communication;
			sourceTree = "<group>";
		};
		035608181BD35BD4008740E4 /* Linux */ = {
			isa = PBXGroup;
			children = (
				035608191BD35BD4008740E4 /* PL_Hotplug.cpp */,
				0356081A1BD35BD4008740E4 /* PL_Hotplug.h */,
				0356081B1BD35BD4008740E4 /* PL_Modem.cpp */,
				0356081C1BD35BD4008740E4 /* PL_Modem.h */,
			);
			path = Linux;
			sourceTree = "<group>";
		};
		0356081D1BD35BD4008740E4 /* Output */ = {
			isa = PBXGroup;
			children = (
				035608241BD35BD4008740E4 /* ODEV_Include.h */,
				0356081F1BD35BD4008740E4 /* ColorRecord.h */,
				0356081E1BD35BD4008740E4 /* ColorRecord.cpp */,
				035608281BD35BD4008740E4 /* ODEV_Node.h */,
				035608271BD35BD4008740E4 /* ODEV_Node.cpp */,
				035608231BD35BD4008740E4 /* ODEV_FILE.h */,
				035608221BD35BD4008740E4 /* ODEV_FILE.cpp */,
				0356082A1BD35BD4008740E4 /* ODEV_SDOUT.h */,
				035608291BD35BD4008740E4 /* ODEV_SDOUT.cpp */,
				035608261BD35BD4008740E4 /* ODEV_LIST.h */,
				035608251BD35BD4008740E4 /* ODEV_LIST.cpp */,
			);
			path = Output;
			sourceTree = "<group>";
		};
		0356082B1BD35BD4008740E4 /* Win7 */ = {
			isa = PBXGroup;
			children = (
				035608301BD35BD4008740E4 /* MBIM */,
			);
			path = Win7;
			sourceTree = "<group>";
		};
		035608301BD35BD4008740E4 /* MBIM */ = {
			isa = PBXGroup;
			children = (
				035608311BD35BD4008740E4 /* MBIM_DeviceService.cpp */,
				035608321BD35BD4008740E4 /* MBIM_DeviceService.h */,
			);
			path = MBIM;
			sourceTree = "<group>";
		};
		035608371BD35BD4008740E4 /* Openssl */ = {
			isa = PBXGroup;
			children = (
				035608381BD35BD4008740E4 /* 1.0.2d */,
			);
			path = Openssl;
			sourceTree = "<group>";
		};
		035608381BD35BD4008740E4 /* 1.0.2d */ = {
			isa = PBXGroup;
			children = (
				035608391BD35BD4008740E4 /* MAC64 */,
			);
			path = 1.0.2d;
			sourceTree = "<group>";
		};
		035608391BD35BD4008740E4 /* MAC64 */ = {
			isa = PBXGroup;
			children = (
				0356083D1BD35BD4008740E4 /* include */,
				0356088A1BD35BD4008740E4 /* lib */,
			);
			path = MAC64;
			sourceTree = "<group>";
		};
		0356083D1BD35BD4008740E4 /* include */ = {
			isa = PBXGroup;
			children = (
				0356083E1BD35BD4008740E4 /* openssl */,
			);
			path = include;
			sourceTree = "<group>";
		};
		0356083E1BD35BD4008740E4 /* openssl */ = {
			isa = PBXGroup;
			children = (
				0356083F1BD35BD4008740E4 /* aes.h */,
				035608401BD35BD4008740E4 /* asn1.h */,
				035608411BD35BD4008740E4 /* asn1_mac.h */,
				035608421BD35BD4008740E4 /* asn1t.h */,
				035608431BD35BD4008740E4 /* bio.h */,
				035608441BD35BD4008740E4 /* blowfish.h */,
				035608451BD35BD4008740E4 /* bn.h */,
				035608461BD35BD4008740E4 /* buffer.h */,
				035608471BD35BD4008740E4 /* camellia.h */,
				035608481BD35BD4008740E4 /* cast.h */,
				035608491BD35BD4008740E4 /* cmac.h */,
				0356084A1BD35BD4008740E4 /* cms.h */,
				0356084B1BD35BD4008740E4 /* comp.h */,
				0356084C1BD35BD4008740E4 /* conf.h */,
				0356084D1BD35BD4008740E4 /* conf_api.h */,
				0356084E1BD35BD4008740E4 /* crypto.h */,
				0356084F1BD35BD4008740E4 /* des.h */,
				035608501BD35BD4008740E4 /* des_old.h */,
				035608511BD35BD4008740E4 /* dh.h */,
				035608521BD35BD4008740E4 /* dsa.h */,
				035608531BD35BD4008740E4 /* dso.h */,
				035608541BD35BD4008740E4 /* dtls1.h */,
				035608551BD35BD4008740E4 /* e_os2.h */,
				035608561BD35BD4008740E4 /* ebcdic.h */,
				035608571BD35BD4008740E4 /* ec.h */,
				035608581BD35BD4008740E4 /* ecdh.h */,
				035608591BD35BD4008740E4 /* ecdsa.h */,
				0356085A1BD35BD4008740E4 /* engine.h */,
				0356085B1BD35BD4008740E4 /* err.h */,
				0356085C1BD35BD4008740E4 /* evp.h */,
				0356085D1BD35BD4008740E4 /* hmac.h */,
				0356085E1BD35BD4008740E4 /* idea.h */,
				0356085F1BD35BD4008740E4 /* krb5_asn.h */,
				035608601BD35BD4008740E4 /* kssl.h */,
				035608611BD35BD4008740E4 /* lhash.h */,
				035608621BD35BD4008740E4 /* md4.h */,
				035608631BD35BD4008740E4 /* md5.h */,
				035608641BD35BD4008740E4 /* mdc2.h */,
				035608651BD35BD4008740E4 /* modes.h */,
				035608661BD35BD4008740E4 /* obj_mac.h */,
				035608671BD35BD4008740E4 /* objects.h */,
				035608681BD35BD4008740E4 /* ocsp.h */,
				035608691BD35BD4008740E4 /* opensslconf.h */,
				0356086A1BD35BD4008740E4 /* opensslv.h */,
				0356086B1BD35BD4008740E4 /* ossl_typ.h */,
				0356086C1BD35BD4008740E4 /* pem.h */,
				0356086D1BD35BD4008740E4 /* pem2.h */,
				0356086E1BD35BD4008740E4 /* pkcs12.h */,
				0356086F1BD35BD4008740E4 /* pkcs7.h */,
				035608701BD35BD4008740E4 /* pqueue.h */,
				035608711BD35BD4008740E4 /* rand.h */,
				035608721BD35BD4008740E4 /* rc2.h */,
				035608731BD35BD4008740E4 /* rc4.h */,
				035608741BD35BD4008740E4 /* ripemd.h */,
				035608751BD35BD4008740E4 /* rsa.h */,
				035608761BD35BD4008740E4 /* safestack.h */,
				035608771BD35BD4008740E4 /* seed.h */,
				035608781BD35BD4008740E4 /* sha.h */,
				035608791BD35BD4008740E4 /* srp.h */,
				0356087A1BD35BD4008740E4 /* srtp.h */,
				0356087B1BD35BD4008740E4 /* ssl.h */,
				0356087C1BD35BD4008740E4 /* ssl2.h */,
				0356087D1BD35BD4008740E4 /* ssl23.h */,
				0356087E1BD35BD4008740E4 /* ssl3.h */,
				0356087F1BD35BD4008740E4 /* stack.h */,
				035608801BD35BD4008740E4 /* symhacks.h */,
				035608811BD35BD4008740E4 /* tls1.h */,
				035608821BD35BD4008740E4 /* ts.h */,
				035608831BD35BD4008740E4 /* txt_db.h */,
				035608841BD35BD4008740E4 /* ui.h */,
				035608851BD35BD4008740E4 /* ui_compat.h */,
				035608861BD35BD4008740E4 /* whrlpool.h */,
				035608871BD35BD4008740E4 /* x509.h */,
				035608881BD35BD4008740E4 /* x509_vfy.h */,
				035608891BD35BD4008740E4 /* x509v3.h */,
			);
			path = openssl;
			sourceTree = "<group>";
		};
		0356088A1BD35BD4008740E4 /* lib */ = {
			isa = PBXGroup;
			children = (
				03560F001BD3B5B4008740E4 /* libcrypto.a */,
				03560F011BD3B5B4008740E4 /* libssl.a */,
				0356088B1BD35BD4008740E4 /* engines */,
				0356088E1BD35BD4008740E4 /* pkgconfig */,
			);
			path = lib;
			sourceTree = "<group>";
		};
		0356088B1BD35BD4008740E4 /* engines */ = {
			isa = PBXGroup;
			children = (
			);
			path = engines;
			sourceTree = "<group>";
		};
		0356088E1BD35BD4008740E4 /* pkgconfig */ = {
			isa = PBXGroup;
			children = (
				0356088F1BD35BD4008740E4 /* libcrypto.pc */,
				035608901BD35BD4008740E4 /* libssl.pc */,
				035608911BD35BD4008740E4 /* openssl.pc */,
			);
			path = pkgconfig;
			sourceTree = "<group>";
		};
		03560EA61BD35BE7008740E4 /* UIConsole */ = {
			isa = PBXGroup;
			children = (
				03560EA71BD35BE7008740E4 /* BIC */,
				03560EBE1BD35BE7008740E4 /* Console.h */,
				03560EBD1BD35BE7008740E4 /* Console.cpp */,
				03560EC01BD35BE7008740E4 /* Terminal.h */,
				03560EBF1BD35BE7008740E4 /* Terminal.cpp */,
			);
			path = UIConsole;
			sourceTree = "<group>";
		};
		03560EA71BD35BE7008740E4 /* BIC */ = {
			isa = PBXGroup;
			children = (
				03560EBC1BD35BE7008740E4 /* BuildInCommand.h */,
				03560EBB1BD35BE7008740E4 /* BuildInCommand.cpp */,
				03560EA81BD35BE7008740E4 /* BIC.h */,
				03560EAC1BD35BE7008740E4 /* BIC_B.h */,
				03560EAB1BD35BE7008740E4 /* BIC_B.cpp */,
				03560EB21BD35BE7008740E4 /* BIC_COM.h */,
				03560EB11BD35BE7008740E4 /* BIC_COM.cpp */,
				03560EBA1BD35BE7008740E4 /* BIC_Socket.h */,
				03560EB91BD35BE7008740E4 /* BIC_Socket.cpp */,
				03560EB41BD35BE7008740E4 /* BIC_Connect.h */,
				03560EB31BD35BE7008740E4 /* BIC_Connect.cpp */,
				03560EAA1BD35BE7008740E4 /* BIC_AUX.h */,
				03560EA91BD35BE7008740E4 /* BIC_AUX.cpp */,
				03560EB81BD35BE7008740E4 /* BIC_Script.h */,
				03560EB71BD35BE7008740E4 /* BIC_Script.cpp */,
				03560EB01BD35BE7008740E4 /* BIC_CMUX.h */,
				03560EAF1BD35BE7008740E4 /* BIC_CMUX.cpp */,
				03560EB61BD35BE7008740E4 /* BIC_Other.h */,
				03560EB51BD35BE7008740E4 /* BIC_Other.cpp */,
				03560EAE1BD35BE7008740E4 /* BIC_Calc.h */,
				03560EAD1BD35BE7008740E4 /* BIC_Calc.cpp */,
			);
			path = BIC;
			sourceTree = "<group>";
		};
/* End PBXGroup section */

/* Begin PBXNativeTarget section */
		035600891BD35AF9008740E4 /* SDT */ = {
			isa = PBXNativeTarget;
			buildConfigurationList = 035600911BD35AF9008740E4 /* Build configuration list for PBXNativeTarget "SDT" */;
			buildPhases = (
				035600861BD35AF9008740E4 /* Sources */,
				035600871BD35AF9008740E4 /* Frameworks */,
				035600881BD35AF9008740E4 /* CopyFiles */,
			);
			buildRules = (
			);
			dependencies = (
			);
			name = SDT;
			productName = SDT;
			productReference = 0356008A1BD35AF9008740E4 /* SDT */;
			productType = "com.apple.product-type.tool";
		};
/* End PBXNativeTarget section */

/* Begin PBXProject section */
		035600821BD35AF9008740E4 /* Project object */ = {
			isa = PBXProject;
			attributes = {
				LastUpgradeCheck = 0700;
				ORGANIZATIONNAME = "leif wen";
				TargetAttributes = {
					035600891BD35AF9008740E4 = {
						CreatedOnToolsVersion = 7.0.1;
					};
				};
			};
			buildConfigurationList = 035600851BD35AF9008740E4 /* Build configuration list for PBXProject "SDT" */;
			compatibilityVersion = "Xcode 3.2";
			developmentRegion = English;
			hasScannedForEncodings = 0;
			knownRegions = (
				en,
			);
			mainGroup = 035600811BD35AF9008740E4;
			productRefGroup = 0356008B1BD35AF9008740E4 /* Products */;
			projectDirPath = "";
			projectRoot = "";
			targets = (
				035600891BD35AF9008740E4 /* SDT */,
			);
		};
/* End PBXProject section */

/* Begin PBXSourcesBuildPhase section */
		035600861BD35AF9008740E4 /* Sources */ = {
			isa = PBXSourcesBuildPhase;
			buildActionMask = 2147483647;
			files = (
				03560ED61BD35BE7008740E4 /* Comm_Crypto.cpp in Sources */,
				03560ECD1BD35BE7008740E4 /* Script.cpp in Sources */,
				03434D171CB8313D000CBEDE /* SMC.cpp in Sources */,
				03560EDB1BD35BE7008740E4 /* Commu_DBuf.cpp in Sources */,
				03560EDA1BD35BE7008740E4 /* Commu_Com.cpp in Sources */,
				03560EF81BD35BE7008740E4 /* BIC_Socket.cpp in Sources */,
				03560EC61BD35BE7008740E4 /* SBIC.cpp in Sources */,
				03560EF91BD35BE7008740E4 /* BuildInCommand.cpp in Sources */,
				03560EE21BD35BE7008740E4 /* ColorRecord.cpp in Sources */,
				03560EC11BD35BE7008740E4 /* ComEnum.cpp in Sources */,
				03560EE51BD35BE7008740E4 /* ODEV_LIST.cpp in Sources */,
				03560ECE1BD35BE7008740E4 /* SendFiles.cpp in Sources */,
				03560EF41BD35BE7008740E4 /* BIC_COM.cpp in Sources */,
				03560EF61BD35BE7008740E4 /* BIC_Other.cpp in Sources */,
				03560EE11BD35BE7008740E4 /* PL_Modem.cpp in Sources */,
				0384E0661BDE19A100157F54 /* Commu_SSLSocket.cpp in Sources */,
				03434D181CB8313D000CBEDE /* SystemInfo.cpp in Sources */,
				03434D161CB8313D000CBEDE /* License_SSLSocket.cpp in Sources */,
				03560EF31BD35BE7008740E4 /* BIC_CMUX.cpp in Sources */,
				03560ECC1BD35BE7008740E4 /* SBIC_Search.cpp in Sources */,
				03560ED71BD35BE7008740E4 /* Comm_File.cpp in Sources */,
				03560ED21BD35BE7008740E4 /* Comm_FIFO.cpp in Sources */,
				03560EFB1BD35BE7008740E4 /* Terminal.cpp in Sources */,
				03560EC21BD35BE7008740E4 /* CommandGList.cpp in Sources */,
				03560EC91BD35BE7008740E4 /* SBIC_Condition.cpp in Sources */,
				29EFB4751C4255CB00386E07 /* Commu_RMS.cpp in Sources */,
				03560EFA1BD35BE7008740E4 /* Console.cpp in Sources */,
				03560EDF1BD35BE7008740E4 /* Commu_SocketServer.cpp in Sources */,
				03560EE71BD35BE7008740E4 /* ODEV_SDOUT.cpp in Sources */,
				03560EE61BD35BE7008740E4 /* ODEV_Node.cpp in Sources */,
				03560ED51BD35BE7008740E4 /* Comm_Buffer.cpp in Sources */,
				03560EDE1BD35BE7008740E4 /* Commu_Socket.cpp in Sources */,
				03560ED11BD35BE7008740E4 /* Comm_Convert.cpp in Sources */,
				03560ECA1BD35BE7008740E4 /* SBIC_Expression.cpp in Sources */,
				03560ED41BD35BE7008740E4 /* SYS_Time.cpp in Sources */,
				03560EDD1BD35BE7008740E4 /* Commu_NTPServer.cpp in Sources */,
				03434D151CB8313D000CBEDE /* License_Checker.cpp in Sources */,
				03560EE41BD35BE7008740E4 /* ODEV_FILE.cpp in Sources */,
				03560EF51BD35BE7008740E4 /* BIC_Connect.cpp in Sources */,
				03560EC71BD35BE7008740E4 /* SBIC_B.cpp in Sources */,
				03560EC31BD35BE7008740E4 /* CommandSList.cpp in Sources */,
				03560EF01BD35BE7008740E4 /* BIC_AUX.cpp in Sources */,
				03560ED81BD35BE7008740E4 /* Comm_PA.cpp in Sources */,
				03560ED31BD35BE7008740E4 /* Comm_Tree.cpp in Sources */,
				03560EEF1BD35BE7008740E4 /* SDT.cpp in Sources */,
				03560ECB1BD35BE7008740E4 /* SBIC_RunExternal.cpp in Sources */,
				03560EEA1BD35BE7008740E4 /* MBIM_DeviceService.cpp in Sources */,
				03560EF71BD35BE7008740E4 /* BIC_Script.cpp in Sources */,
				03560ED01BD35BE7008740E4 /* AppLayer.cpp in Sources */,
				03560ECF1BD35BE7008740E4 /* TelitCMUX.cpp in Sources */,
				03560EC51BD35BE7008740E4 /* ParRecord.cpp in Sources */,
				03560EF11BD35BE7008740E4 /* BIC_B.cpp in Sources */,
				03560EC41BD35BE7008740E4 /* Device.cpp in Sources */,
				03560EE01BD35BE7008740E4 /* PL_Hotplug.cpp in Sources */,
				03560EF21BD35BE7008740E4 /* BIC_Calc.cpp in Sources */,
				03560EC81BD35BE7008740E4 /* SBIC_Build.cpp in Sources */,
			);
			runOnlyForDeploymentPostprocessing = 0;
		};
/* End PBXSourcesBuildPhase section */

/* Begin XCBuildConfiguration section */
		0356008F1BD35AF9008740E4 /* Debug */ = {
			isa = XCBuildConfiguration;
			buildSettings = {
				ALWAYS_SEARCH_USER_PATHS = NO;
				CLANG_CXX_LANGUAGE_STANDARD = "gnu++0x";
				CLANG_CXX_LIBRARY = "libc++";
				CLANG_ENABLE_MODULES = YES;
				CLANG_ENABLE_OBJC_ARC = YES;
				CLANG_WARN_BOOL_CONVERSION = YES;
				CLANG_WARN_CONSTANT_CONVERSION = YES;
				CLANG_WARN_DIRECT_OBJC_ISA_USAGE = YES_ERROR;
				CLANG_WARN_EMPTY_BODY = YES;
				CLANG_WARN_ENUM_CONVERSION = YES;
				CLANG_WARN_INT_CONVERSION = YES;
				CLANG_WARN_OBJC_ROOT_CLASS = YES_ERROR;
				CLANG_WARN_UNREACHABLE_CODE = YES;
				CLANG_WARN__DUPLICATE_METHOD_MATCH = YES;
				COPY_PHASE_STRIP = NO;
				DEBUG_INFORMATION_FORMAT = dwarf;
				ENABLE_STRICT_OBJC_MSGSEND = YES;
				ENABLE_TESTABILITY = YES;
				GCC_C_LANGUAGE_STANDARD = gnu99;
				GCC_DYNAMIC_NO_PIC = NO;
				GCC_NO_COMMON_BLOCKS = YES;
				GCC_OPTIMIZATION_LEVEL = 0;
				GCC_PREPROCESSOR_DEFINITIONS = (
					"DEBUG=1",
					"$(inherited)",
				);
				GCC_WARN_64_TO_32_BIT_CONVERSION = YES;
				GCC_WARN_ABOUT_RETURN_TYPE = YES_ERROR;
				GCC_WARN_UNDECLARED_SELECTOR = YES;
				GCC_WARN_UNINITIALIZED_AUTOS = YES_AGGRESSIVE;
				GCC_WARN_UNUSED_FUNCTION = YES;
				GCC_WARN_UNUSED_VARIABLE = YES;
				HEADER_SEARCH_PATHS = ../Linux_MAC/code/Openssl/1.0.2d/MAC64/include/;
				MACOSX_DEPLOYMENT_TARGET = 10.10;
				MTL_ENABLE_DEBUG_INFO = YES;
				ONLY_ACTIVE_ARCH = YES;
				SDKROOT = macosx;
			};
			name = Debug;
		};
		035600901BD35AF9008740E4 /* Release */ = {
			isa = XCBuildConfiguration;
			buildSettings = {
				ALWAYS_SEARCH_USER_PATHS = NO;
				CLANG_CXX_LANGUAGE_STANDARD = "gnu++0x";
				CLANG_CXX_LIBRARY = "libc++";
				CLANG_ENABLE_MODULES = YES;
				CLANG_ENABLE_OBJC_ARC = YES;
				CLANG_WARN_BOOL_CONVERSION = YES;
				CLANG_WARN_CONSTANT_CONVERSION = YES;
				CLANG_WARN_DIRECT_OBJC_ISA_USAGE = YES_ERROR;
				CLANG_WARN_EMPTY_BODY = YES;
				CLANG_WARN_ENUM_CONVERSION = YES;
				CLANG_WARN_INT_CONVERSION = YES;
				CLANG_WARN_OBJC_ROOT_CLASS = YES_ERROR;
				CLANG_WARN_UNREACHABLE_CODE = YES;
				CLANG_WARN__DUPLICATE_METHOD_MATCH = YES;
				COPY_PHASE_STRIP = NO;
				DEBUG_INFORMATION_FORMAT = "dwarf-with-dsym";
				ENABLE_NS_ASSERTIONS = NO;
				ENABLE_STRICT_OBJC_MSGSEND = YES;
				GCC_C_LANGUAGE_STANDARD = gnu99;
				GCC_NO_COMMON_BLOCKS = YES;
				GCC_WARN_64_TO_32_BIT_CONVERSION = YES;
				GCC_WARN_ABOUT_RETURN_TYPE = YES_ERROR;
				GCC_WARN_UNDECLARED_SELECTOR = YES;
				GCC_WARN_UNINITIALIZED_AUTOS = YES_AGGRESSIVE;
				GCC_WARN_UNUSED_FUNCTION = YES;
				GCC_WARN_UNUSED_VARIABLE = YES;
				HEADER_SEARCH_PATHS = ../Linux_MAC/code/Openssl/1.0.2d/MAC64/include/;
				MACOSX_DEPLOYMENT_TARGET = 10.10;
				MTL_ENABLE_DEBUG_INFO = NO;
				SDKROOT = macosx;
			};
			name = Release;
		};
		035600921BD35AF9008740E4 /* Debug */ = {
			isa = XCBuildConfiguration;
			buildSettings = {
				PRODUCT_NAME = "$(TARGET_NAME)";
			};
			name = Debug;
		};
		035600931BD35AF9008740E4 /* Release */ = {
			isa = XCBuildConfiguration;
			buildSettings = {
				PRODUCT_NAME = "$(TARGET_NAME)";
			};
			name = Release;
		};
/* End XCBuildConfiguration section */

/* Begin XCConfigurationList section */
		035600851BD35AF9008740E4 /* Build configuration list for PBXProject "SDT" */ = {
			isa = XCConfigurationList;
			buildConfigurations = (
				0356008F1BD35AF9008740E4 /* Debug */,
				035600901BD35AF9008740E4 /* Release */,
			);
			defaultConfigurationIsVisible = 0;
			defaultConfigurationName = Release;
		};
		035600911BD35AF9008740E4 /* Build configuration list for PBXNativeTarget "SDT" */ = {
			isa = XCConfigurationList;
			buildConfigurations = (
				035600921BD35AF9008740E4 /* Debug */,
				035600931BD35AF9008740E4 /* Release */,
			);
			defaultConfigurationIsVisible = 0;
			defaultConfigurationName = Release;
		};
/* End XCConfigurationList section */
	};
	rootObject = 035600821BD35AF9008740E4 /* Project object */;
}
