<?xml version="1.0" encoding="utf-8"?>
<Project ToolsVersion="4.0" xmlns="http://schemas.microsoft.com/developer/msbuild/2003">
  <ItemGroup>
    <Filter Include="Source Files">
      <UniqueIdentifier>{4FC737F1-C7A5-4376-A066-2A32D752A2FF}</UniqueIdentifier>
      <Extensions>cpp;c;cc;cxx;def;odl;idl;hpj;bat;asm;asmx</Extensions>
    </Filter>
    <Filter Include="Resource Files">
      <UniqueIdentifier>{67DA6AB6-F800-4c08-8B7A-83BB121AAD01}</UniqueIdentifier>
      <Extensions>rc;ico;cur;bmp;dlg;rc2;rct;bin;rgs;gif;jpg;jpeg;jpe;resx;tiff;tif;png;wav;mfcribbon-ms</Extensions>
    </Filter>
    <Filter Include="Public Files">
      <UniqueIdentifier>{93995380-89BD-4b04-88EB-625FBE52EBFB}</UniqueIdentifier>
      <Extensions>h;hpp;hxx;hm;inl;inc;xsd</Extensions>
    </Filter>
    <Filter Include="Public Files\Basis">
      <UniqueIdentifier>{385e32cf-acaf-4158-9a22-b9cf51b25d5c}</UniqueIdentifier>
    </Filter>
    <Filter Include="Public Files\win7">
      <UniqueIdentifier>{0272e66a-ddca-4daa-9f67-3cb4b8f842ca}</UniqueIdentifier>
    </Filter>
    <Filter Include="Public Files\BasisEx">
      <UniqueIdentifier>{839adbda-b990-404b-8be8-62dd7ce4cd92}</UniqueIdentifier>
    </Filter>
  </ItemGroup>
  <ItemGroup>
    <Text Include="ReadMe.txt" />
  </ItemGroup>
  <ItemGroup>
    <ClInclude Include="Resource.h">
      <Filter>Source Files</Filter>
    </ClInclude>
    <ClInclude Include="SDTReg.h">
      <Filter>Source Files</Filter>
    </ClInclude>
    <ClInclude Include="SDTRegDlg.h">
      <Filter>Source Files</Filter>
    </ClInclude>
    <ClInclude Include="stdafx.h">
      <Filter>Source Files</Filter>
    </ClInclude>
    <ClInclude Include="targetver.h">
      <Filter>Source Files</Filter>
    </ClInclude>
    <ClInclude Include="..\..\Linux_MAC\code\Core\Basis\BasicClass.h">
      <Filter>Public Files\Basis</Filter>
    </ClInclude>
    <ClInclude Include="..\..\Linux_MAC\code\Core\Basis\BasicInclude.h">
      <Filter>Public Files\Basis</Filter>
    </ClInclude>
    <ClInclude Include="..\..\Linux_MAC\code\Core\Basis\BasicDef.h">
      <Filter>Public Files\Basis</Filter>
    </ClInclude>
    <ClInclude Include="..\..\Linux_MAC\code\Core\Basis\Comm_Convert.h">
      <Filter>Public Files\Basis</Filter>
    </ClInclude>
    <ClInclude Include="..\..\Linux_MAC\code\Core\Basis\Comm_FIFO.h">
      <Filter>Public Files\Basis</Filter>
    </ClInclude>
    <ClInclude Include="..\..\Linux_MAC\code\Core\Basis\SYS_Time.h">
      <Filter>Public Files\Basis</Filter>
    </ClInclude>
    <ClInclude Include="..\..\Linux_MAC\code\Core\Win7\Checker.h">
      <Filter>Public Files\win7</Filter>
    </ClInclude>
    <ClInclude Include="..\..\Linux_MAC\code\Core\Win7\SMC.h">
      <Filter>Public Files\win7</Filter>
    </ClInclude>
    <ClInclude Include="..\..\Linux_MAC\code\Core\BasisEx\Comm_File.h">
      <Filter>Public Files\BasisEx</Filter>
    </ClInclude>
    <ClInclude Include="..\..\Linux_MAC\code\Core\Basis\Comm_Tree.h">
      <Filter>Public Files\Basis</Filter>
    </ClInclude>
    <ClInclude Include="..\..\Linux_MAC\code\Core\BasisEx\Comm_Crypto.h">
      <Filter>Public Files\BasisEx</Filter>
    </ClInclude>
    <ClInclude Include="..\..\Linux_MAC\code\Core\BasisEx\Comm_PA.h">
      <Filter>Public Files\BasisEx</Filter>
    </ClInclude>
    <ClInclude Include="..\..\Linux_MAC\code\Core\Win7\SystemInfo.h">
      <Filter>Public Files\win7</Filter>
    </ClInclude>
    <ClInclude Include="..\..\Linux_MAC\code\Core\BasisEx\Comm_Buffer.h">
      <Filter>Public Files\BasisEx</Filter>
    </ClInclude>
  </ItemGroup>
  <ItemGroup>
    <ClCompile Include="SDTReg.cpp">
      <Filter>Source Files</Filter>
    </ClCompile>
    <ClCompile Include="SDTRegDlg.cpp">
      <Filter>Source Files</Filter>
    </ClCompile>
    <ClCompile Include="stdafx.cpp">
      <Filter>Source Files</Filter>
    </ClCompile>
    <ClCompile Include="..\..\Linux_MAC\code\Core\Basis\Comm_Convert.cpp">
      <Filter>Public Files\Basis</Filter>
    </ClCompile>
    <ClCompile Include="..\..\Linux_MAC\code\Core\Basis\SYS_Time.cpp">
      <Filter>Public Files\Basis</Filter>
    </ClCompile>
    <ClCompile Include="..\..\Linux_MAC\code\Core\Win7\SMC.cpp">
      <Filter>Public Files\win7</Filter>
    </ClCompile>
    <ClCompile Include="..\..\Linux_MAC\code\Core\Basis\Comm_FIFO.cpp">
      <Filter>Public Files\Basis</Filter>
    </ClCompile>
    <ClCompile Include="..\..\Linux_MAC\code\Core\BasisEx\Comm_File.cpp">
      <Filter>Public Files\BasisEx</Filter>
    </ClCompile>
    <ClCompile Include="..\..\Linux_MAC\code\Core\Basis\Comm_Tree.cpp">
      <Filter>Public Files\Basis</Filter>
    </ClCompile>
    <ClCompile Include="..\..\Linux_MAC\code\Core\BasisEx\Comm_Crypto.cpp">
      <Filter>Public Files\BasisEx</Filter>
    </ClCompile>
    <ClCompile Include="..\..\Linux_MAC\code\Core\BasisEx\Comm_PA.cpp">
      <Filter>Public Files\BasisEx</Filter>
    </ClCompile>
    <ClCompile Include="..\..\Linux_MAC\code\Core\Win7\Checker.cpp">
      <Filter>Public Files\win7</Filter>
    </ClCompile>
    <ClCompile Include="..\..\Linux_MAC\code\Core\Win7\SystemInfo.cpp">
      <Filter>Public Files\win7</Filter>
    </ClCompile>
    <ClCompile Include="..\..\Linux_MAC\code\Core\BasisEx\Comm_Buffer.cpp">
      <Filter>Public Files\BasisEx</Filter>
    </ClCompile>
  </ItemGroup>
  <ItemGroup>
    <ResourceCompile Include="SDTReg.rc">
      <Filter>Resource Files</Filter>
    </ResourceCompile>
  </ItemGroup>
  <ItemGroup>
    <None Include="res\SDTReg.rc2">
      <Filter>Resource Files</Filter>
    </None>
  </ItemGroup>
  <ItemGroup>
    <Image Include="res\SDTReg.ico">
      <Filter>Resource Files</Filter>
    </Image>
  </ItemGroup>
</Project>