<?xml version="1.0" encoding="utf-8"?>
<Project ToolsVersion="4.0" xmlns="http://schemas.microsoft.com/developer/msbuild/2003">
  <ItemGroup>
    <Filter Include="Source Files">
      <UniqueIdentifier>{4FC737F1-C7A5-4376-A066-2A32D752A2FF}</UniqueIdentifier>
      <Extensions>cpp;c;cc;cxx;def;odl;idl;hpj;bat;asm;asmx</Extensions>
    </Filter>
    <Filter Include="Resource Files">
      <UniqueIdentifier>{67DA6AB6-F800-4c08-8B7A-83BB121AAD01}</UniqueIdentifier>
      <Extensions>rc;ico;cur;bmp;dlg;rc2;rct;bin;rgs;gif;jpg;jpeg;jpe;resx;tiff;tif;png;wav;mfcribbon-ms</Extensions>
    </Filter>
    <Filter Include="Source Files\DockablePane">
      <UniqueIdentifier>{541778ae-1d45-4979-bf65-c15ab58b1e04}</UniqueIdentifier>
    </Filter>
    <Filter Include="Source Files\ChildFrm">
      <UniqueIdentifier>{153cf374-6368-4dfb-9d51-5a918f70b8f6}</UniqueIdentifier>
    </Filter>
    <Filter Include="Resource Files\InUse">
      <UniqueIdentifier>{98757642-1c00-4aa0-ad55-8fee08c702a2}</UniqueIdentifier>
    </Filter>
    <Filter Include="Resource Files\View">
      <UniqueIdentifier>{276cc1af-d276-4849-a76e-60bddfe8f24b}</UniqueIdentifier>
    </Filter>
    <Filter Include="Resource Files\Ribbon">
      <UniqueIdentifier>{fb745334-d3f0-424c-8e14-e97cf4542283}</UniqueIdentifier>
    </Filter>
    <Filter Include="Source Files\Dialog">
      <UniqueIdentifier>{d8237d4c-39c5-4c01-bf86-7bb2d2f10727}</UniqueIdentifier>
    </Filter>
    <Filter Include="Source Files\MyMFCClass">
      <UniqueIdentifier>{5f8361be-7b1a-4938-b98e-32f89a6b3c9f}</UniqueIdentifier>
    </Filter>
    <Filter Include="_Core">
      <UniqueIdentifier>{c2718266-f8bd-437e-a624-fbe500998f96}</UniqueIdentifier>
    </Filter>
    <Filter Include="_UIConsole">
      <UniqueIdentifier>{1a74ec68-f16a-431b-81e3-205230a7486a}</UniqueIdentifier>
    </Filter>
    <Filter Include="_Core\AppLayer">
      <UniqueIdentifier>{a449f0e4-cebb-4bbd-ba67-93c477b020fb}</UniqueIdentifier>
    </Filter>
    <Filter Include="_Core\Basis">
      <UniqueIdentifier>{6788bb31-e750-4dce-8c4d-b0979d4284cc}</UniqueIdentifier>
    </Filter>
    <Filter Include="_Core\Communication">
      <UniqueIdentifier>{6b3ef34c-d3a8-43d2-9081-ad6baedcd94c}</UniqueIdentifier>
    </Filter>
    <Filter Include="_Core\Win7">
      <UniqueIdentifier>{5dcb0a56-b198-4b2f-b391-c5c3b8844d7c}</UniqueIdentifier>
    </Filter>
    <Filter Include="_Core\BasisEx">
      <UniqueIdentifier>{dbc46884-3f05-4045-aac9-6c5f7fc06fe2}</UniqueIdentifier>
    </Filter>
    <Filter Include="_Core\Output">
      <UniqueIdentifier>{111e31d5-7632-4cb2-8a8c-6dd60c3c3542}</UniqueIdentifier>
    </Filter>
    <Filter Include="_UIConsole\BIC">
      <UniqueIdentifier>{cd6efe4f-107e-45e6-8c9e-4caab3d0c4e3}</UniqueIdentifier>
    </Filter>
    <Filter Include="_Core\AppLayer\SBIC">
      <UniqueIdentifier>{63bfce3a-d3a2-4108-8096-fd556859c0b4}</UniqueIdentifier>
    </Filter>
    <Filter Include="_Core\Win7\MBIM">
      <UniqueIdentifier>{c9a3e35b-de44-4e15-8933-f58b8c0129c7}</UniqueIdentifier>
    </Filter>
    <Filter Include="_Core\Linecse">
      <UniqueIdentifier>{168e48f0-5997-4958-b0c0-50e2a89210f3}</UniqueIdentifier>
    </Filter>
  </ItemGroup>
  <ItemGroup>
    <Text Include="ReadMe.txt" />
  </ItemGroup>
  <ItemGroup>
    <ClInclude Include="MainFrm.h">
      <Filter>Source Files</Filter>
    </ClInclude>
    <ClInclude Include="Resource.h">
      <Filter>Source Files</Filter>
    </ClInclude>
    <ClInclude Include="SDT.h">
      <Filter>Source Files</Filter>
    </ClInclude>
    <ClInclude Include="stdafx.h">
      <Filter>Source Files</Filter>
    </ClInclude>
    <ClInclude Include="targetver.h">
      <Filter>Source Files</Filter>
    </ClInclude>
    <ClInclude Include="ChildFrm.h">
      <Filter>Source Files\ChildFrm</Filter>
    </ClInclude>
    <ClInclude Include="DP_GCProperties.h">
      <Filter>Source Files\DockablePane</Filter>
    </ClInclude>
    <ClInclude Include="DLG_DevList.h">
      <Filter>Source Files\Dialog</Filter>
    </ClInclude>
    <ClInclude Include="COM_ViewTree.h">
      <Filter>Source Files\MyMFCClass</Filter>
    </ClInclude>
    <ClInclude Include="COM_ViewList.h">
      <Filter>Source Files\MyMFCClass</Filter>
    </ClInclude>
    <ClInclude Include="RibbonStatusBar.h">
      <Filter>Source Files</Filter>
    </ClInclude>
    <ClInclude Include="DP_Calculator.h">
      <Filter>Source Files\DockablePane</Filter>
    </ClInclude>
    <ClInclude Include="DP_Send.h">
      <Filter>Source Files\DockablePane</Filter>
    </ClInclude>
    <ClInclude Include="DP_SocketList.h">
      <Filter>Source Files\DockablePane</Filter>
    </ClInclude>
    <ClInclude Include="DP_SC.h">
      <Filter>Source Files\DockablePane</Filter>
    </ClInclude>
    <ClInclude Include="DP_GC.h">
      <Filter>Source Files\DockablePane</Filter>
    </ClInclude>
    <ClInclude Include="DP_GCCommand.h">
      <Filter>Source Files\DockablePane</Filter>
    </ClInclude>
    <ClInclude Include="RichView.h">
      <Filter>Source Files\ChildFrm</Filter>
    </ClInclude>
    <ClInclude Include="..\..\Linux_MAC\code\Core\AppLayer\ComEnum.h">
      <Filter>_Core\AppLayer</Filter>
    </ClInclude>
    <ClInclude Include="..\..\Linux_MAC\code\Core\AppLayer\CommandGList.h">
      <Filter>_Core\AppLayer</Filter>
    </ClInclude>
    <ClInclude Include="..\..\Linux_MAC\code\Core\AppLayer\CommandSList.h">
      <Filter>_Core\AppLayer</Filter>
    </ClInclude>
    <ClInclude Include="..\..\Linux_MAC\code\Core\AppLayer\Device.h">
      <Filter>_Core\AppLayer</Filter>
    </ClInclude>
    <ClInclude Include="..\..\Linux_MAC\code\Core\AppLayer\ParRecord.h">
      <Filter>_Core\AppLayer</Filter>
    </ClInclude>
    <ClInclude Include="..\..\Linux_MAC\code\Core\AppLayer\SendFiles.h">
      <Filter>_Core\AppLayer</Filter>
    </ClInclude>
    <ClInclude Include="..\..\Linux_MAC\code\Core\AppLayer\TelitCMUX.h">
      <Filter>_Core\AppLayer</Filter>
    </ClInclude>
    <ClInclude Include="..\..\Linux_MAC\code\Core\Basis\Comm_FIFO.h">
      <Filter>_Core\Basis</Filter>
    </ClInclude>
    <ClInclude Include="..\..\Linux_MAC\code\Core\Basis\Comm_Tree.h">
      <Filter>_Core\Basis</Filter>
    </ClInclude>
    <ClInclude Include="..\..\Linux_MAC\code\Core\Communication\Commu_Com.h">
      <Filter>_Core\Communication</Filter>
    </ClInclude>
    <ClInclude Include="..\..\Linux_MAC\code\Core\Communication\Commu_DBuf.h">
      <Filter>_Core\Communication</Filter>
    </ClInclude>
    <ClInclude Include="..\..\Linux_MAC\code\Core\Communication\Commu_Socket.h">
      <Filter>_Core\Communication</Filter>
    </ClInclude>
    <ClInclude Include="..\..\Linux_MAC\code\Core\Communication\Commu_SocketServer.h">
      <Filter>_Core\Communication</Filter>
    </ClInclude>
    <ClInclude Include="..\..\Linux_MAC\code\UIConsole\Console.h">
      <Filter>_UIConsole</Filter>
    </ClInclude>
    <ClInclude Include="..\..\Linux_MAC\code\UIConsole\Terminal.h">
      <Filter>_UIConsole</Filter>
    </ClInclude>
    <ClInclude Include="..\..\Linux_MAC\code\Core\AppLayer.h">
      <Filter>_Core</Filter>
    </ClInclude>
    <ClInclude Include="..\..\Linux_MAC\code\Core\Global.h">
      <Filter>_Core</Filter>
    </ClInclude>
    <ClInclude Include="..\..\Linux_MAC\code\Core\GlobalDef.h">
      <Filter>_Core</Filter>
    </ClInclude>
    <ClInclude Include="..\..\Linux_MAC\code\Core\Basis\BasicClass.h">
      <Filter>_Core\Basis</Filter>
    </ClInclude>
    <ClInclude Include="..\..\Linux_MAC\code\Core\Basis\Comm_Convert.h">
      <Filter>_Core\Basis</Filter>
    </ClInclude>
    <ClInclude Include="..\..\Linux_MAC\code\Core\Basis\SYS_Thread.h">
      <Filter>_Core\Basis</Filter>
    </ClInclude>
    <ClInclude Include="..\..\Linux_MAC\code\Core\Basis\SYS_Time.h">
      <Filter>_Core\Basis</Filter>
    </ClInclude>
    <ClInclude Include="..\..\Linux_MAC\code\Core\Basis\Basic_Include.h">
      <Filter>_Core\Basis</Filter>
    </ClInclude>
    <ClInclude Include="..\..\Linux_MAC\code\Core\Output\ColorRecord.h">
      <Filter>_Core\Output</Filter>
    </ClInclude>
    <ClInclude Include="..\..\Linux_MAC\code\Core\Output\ODEV_FILE.h">
      <Filter>_Core\Output</Filter>
    </ClInclude>
    <ClInclude Include="..\..\Linux_MAC\code\Core\Output\ODEV_Include.h">
      <Filter>_Core\Output</Filter>
    </ClInclude>
    <ClInclude Include="..\..\Linux_MAC\code\Core\Output\ODEV_LIST.h">
      <Filter>_Core\Output</Filter>
    </ClInclude>
    <ClInclude Include="..\..\Linux_MAC\code\Core\Output\ODEV_Node.h">
      <Filter>_Core\Output</Filter>
    </ClInclude>
    <ClInclude Include="..\..\Linux_MAC\code\Core\Output\ODEV_SDOUT.h">
      <Filter>_Core\Output</Filter>
    </ClInclude>
    <ClInclude Include="..\..\Linux_MAC\code\Core\Basis\BasicDef.h">
      <Filter>_Core\Basis</Filter>
    </ClInclude>
    <ClInclude Include="..\..\Linux_MAC\code\UIConsole\BIC\BIC_AUX.h">
      <Filter>_UIConsole\BIC</Filter>
    </ClInclude>
    <ClInclude Include="..\..\Linux_MAC\code\UIConsole\BIC\BIC_B.h">
      <Filter>_UIConsole\BIC</Filter>
    </ClInclude>
    <ClInclude Include="..\..\Linux_MAC\code\UIConsole\BIC\BIC_CMUX.h">
      <Filter>_UIConsole\BIC</Filter>
    </ClInclude>
    <ClInclude Include="..\..\Linux_MAC\code\UIConsole\BIC\BIC_COM.h">
      <Filter>_UIConsole\BIC</Filter>
    </ClInclude>
    <ClInclude Include="..\..\Linux_MAC\code\UIConsole\BIC\BIC_Connect.h">
      <Filter>_UIConsole\BIC</Filter>
    </ClInclude>
    <ClInclude Include="..\..\Linux_MAC\code\UIConsole\BIC\BIC_Other.h">
      <Filter>_UIConsole\BIC</Filter>
    </ClInclude>
    <ClInclude Include="..\..\Linux_MAC\code\UIConsole\BIC\BIC_Script.h">
      <Filter>_UIConsole\BIC</Filter>
    </ClInclude>
    <ClInclude Include="..\..\Linux_MAC\code\UIConsole\BIC\BIC_Socket.h">
      <Filter>_UIConsole\BIC</Filter>
    </ClInclude>
    <ClInclude Include="..\..\Linux_MAC\code\UIConsole\BIC\BuildInCommand.h">
      <Filter>_UIConsole\BIC</Filter>
    </ClInclude>
    <ClInclude Include="..\..\Linux_MAC\code\Core\Basis\SYS_Lock.h">
      <Filter>_Core\Basis</Filter>
    </ClInclude>
    <ClInclude Include="..\..\Linux_MAC\code\Core\AppLayer\Script\SBIC_B.h">
      <Filter>_Core\AppLayer\SBIC</Filter>
    </ClInclude>
    <ClInclude Include="..\..\Linux_MAC\code\Core\AppLayer\Script\SBIC_Search.h">
      <Filter>_Core\AppLayer\SBIC</Filter>
    </ClInclude>
    <ClInclude Include="..\..\Linux_MAC\code\Core\AppLayer\Script\SBIC_Build.h">
      <Filter>_Core\AppLayer\SBIC</Filter>
    </ClInclude>
    <ClInclude Include="..\..\Linux_MAC\code\Core\AppLayer\Script\SBIC.h">
      <Filter>_Core\AppLayer\SBIC</Filter>
    </ClInclude>
    <ClInclude Include="..\..\Linux_MAC\code\Core\AppLayer\Script\SBIC_Condition.h">
      <Filter>_Core\AppLayer\SBIC</Filter>
    </ClInclude>
    <ClInclude Include="..\..\Linux_MAC\code\Core\AppLayer\Script\Script.h">
      <Filter>_Core\AppLayer\SBIC</Filter>
    </ClInclude>
    <ClInclude Include="..\..\Linux_MAC\code\Core\AppLayer\Script\SBIC_Expression.h">
      <Filter>_Core\AppLayer\SBIC</Filter>
    </ClInclude>
    <ClInclude Include="..\..\Linux_MAC\code\Core\AppLayer\Script\SBIC_RunExternal.h">
      <Filter>_Core\AppLayer\SBIC</Filter>
    </ClInclude>
    <ClInclude Include="..\..\Linux_MAC\code\Core\Win7\MBIM\MBIM_DeviceService.h">
      <Filter>_Core\Win7\MBIM</Filter>
    </ClInclude>
    <ClInclude Include="CMUXView.h">
      <Filter>Source Files\ChildFrm</Filter>
    </ClInclude>
    <ClInclude Include="..\..\Linux_MAC\code\Core\Communication\Commu_NTPServer.h">
      <Filter>_Core\Communication</Filter>
    </ClInclude>
    <ClInclude Include="..\..\Linux_MAC\code\UIConsole\BIC\BIC_Calc.h">
      <Filter>_UIConsole\BIC</Filter>
    </ClInclude>
    <ClInclude Include="..\..\Linux_MAC\code\Core\BasisEx\Comm_Buffer.h">
      <Filter>_Core\BasisEx</Filter>
    </ClInclude>
    <ClInclude Include="..\..\Linux_MAC\code\Core\BasisEx\Comm_File.h">
      <Filter>_Core\BasisEx</Filter>
    </ClInclude>
    <ClInclude Include="..\..\Linux_MAC\code\Core\BasisEx\Comm_PA.h">
      <Filter>_Core\BasisEx</Filter>
    </ClInclude>
    <ClInclude Include="..\..\Linux_MAC\code\Core\BasisEx\Comm_Crypto.h">
      <Filter>_Core\BasisEx</Filter>
    </ClInclude>
    <ClInclude Include="..\..\Linux_MAC\code\Core\Communication\Commu_SSLSocket.h">
      <Filter>_Core\Communication</Filter>
    </ClInclude>
    <ClInclude Include="..\..\Linux_MAC\code\Core\Linecse\License_Checker.h">
      <Filter>_Core\Linecse</Filter>
    </ClInclude>
    <ClInclude Include="..\..\Linux_MAC\code\Core\Linecse\License_SSLSocket.h">
      <Filter>_Core\Linecse</Filter>
    </ClInclude>
    <ClInclude Include="..\..\Linux_MAC\code\Core\Linecse\SMC.h">
      <Filter>_Core\Linecse</Filter>
    </ClInclude>
    <ClInclude Include="..\..\Linux_MAC\code\Core\Linecse\SystemInfo.h">
      <Filter>_Core\Linecse</Filter>
    </ClInclude>
  </ItemGroup>
  <ItemGroup>
    <ClCompile Include="SDT.cpp">
      <Filter>Source Files</Filter>
    </ClCompile>
    <ClCompile Include="stdafx.cpp">
      <Filter>Source Files</Filter>
    </ClCompile>
    <ClCompile Include="MainFrm.cpp">
      <Filter>Source Files</Filter>
    </ClCompile>
    <ClCompile Include="ChildFrm.cpp">
      <Filter>Source Files\ChildFrm</Filter>
    </ClCompile>
    <ClCompile Include="DLG_DevList.cpp">
      <Filter>Source Files\Dialog</Filter>
    </ClCompile>
    <ClCompile Include="COM_ViewList.cpp">
      <Filter>Source Files\MyMFCClass</Filter>
    </ClCompile>
    <ClCompile Include="COM_ViewTree.cpp">
      <Filter>Source Files\MyMFCClass</Filter>
    </ClCompile>
    <ClCompile Include="RibbonStatusBar.cpp">
      <Filter>Source Files</Filter>
    </ClCompile>
    <ClCompile Include="DP_Calculator.cpp">
      <Filter>Source Files\DockablePane</Filter>
    </ClCompile>
    <ClCompile Include="DP_Send.cpp">
      <Filter>Source Files\DockablePane</Filter>
    </ClCompile>
    <ClCompile Include="DP_SocketList.cpp">
      <Filter>Source Files\DockablePane</Filter>
    </ClCompile>
    <ClCompile Include="DP_SC.cpp">
      <Filter>Source Files\DockablePane</Filter>
    </ClCompile>
    <ClCompile Include="DP_GC.cpp">
      <Filter>Source Files\DockablePane</Filter>
    </ClCompile>
    <ClCompile Include="DP_GCCommand.cpp">
      <Filter>Source Files\DockablePane</Filter>
    </ClCompile>
    <ClCompile Include="RichView.cpp">
      <Filter>Source Files\ChildFrm</Filter>
    </ClCompile>
    <ClCompile Include="DP_GCProperties.cpp">
      <Filter>Source Files\DockablePane</Filter>
    </ClCompile>
    <ClCompile Include="CMUXView.cpp">
      <Filter>Source Files\ChildFrm</Filter>
    </ClCompile>
    <ClCompile Include="..\..\Linux_MAC\code\Core\AppLayer\CommandGList.cpp">
      <Filter>_Core\AppLayer</Filter>
    </ClCompile>
    <ClCompile Include="..\..\Linux_MAC\code\Core\AppLayer\CommandSList.cpp">
      <Filter>_Core\AppLayer</Filter>
    </ClCompile>
    <ClCompile Include="..\..\Linux_MAC\code\Core\AppLayer\Device.cpp">
      <Filter>_Core\AppLayer</Filter>
    </ClCompile>
    <ClCompile Include="..\..\Linux_MAC\code\Core\AppLayer\ParRecord.cpp">
      <Filter>_Core\AppLayer</Filter>
    </ClCompile>
    <ClCompile Include="..\..\Linux_MAC\code\Core\AppLayer\SendFiles.cpp">
      <Filter>_Core\AppLayer</Filter>
    </ClCompile>
    <ClCompile Include="..\..\Linux_MAC\code\Core\AppLayer\TelitCMUX.cpp">
      <Filter>_Core\AppLayer</Filter>
    </ClCompile>
    <ClCompile Include="..\..\Linux_MAC\code\Core\Communication\Commu_Com.cpp">
      <Filter>_Core\Communication</Filter>
    </ClCompile>
    <ClCompile Include="..\..\Linux_MAC\code\Core\Communication\Commu_DBuf.cpp">
      <Filter>_Core\Communication</Filter>
    </ClCompile>
    <ClCompile Include="..\..\Linux_MAC\code\Core\Communication\Commu_Socket.cpp">
      <Filter>_Core\Communication</Filter>
    </ClCompile>
    <ClCompile Include="..\..\Linux_MAC\code\Core\Communication\Commu_SocketServer.cpp">
      <Filter>_Core\Communication</Filter>
    </ClCompile>
    <ClCompile Include="..\..\Linux_MAC\code\UIConsole\Console.cpp">
      <Filter>_UIConsole</Filter>
    </ClCompile>
    <ClCompile Include="..\..\Linux_MAC\code\UIConsole\Terminal.cpp">
      <Filter>_UIConsole</Filter>
    </ClCompile>
    <ClCompile Include="..\..\Linux_MAC\code\Core\AppLayer.cpp">
      <Filter>_Core</Filter>
    </ClCompile>
    <ClCompile Include="..\..\Linux_MAC\code\Core\AppLayer\ComEnum.cpp">
      <Filter>_Core\AppLayer</Filter>
    </ClCompile>
    <ClCompile Include="..\..\Linux_MAC\code\Core\Basis\Comm_Convert.cpp">
      <Filter>_Core\Basis</Filter>
    </ClCompile>
    <ClCompile Include="..\..\Linux_MAC\code\Core\Basis\SYS_Time.cpp">
      <Filter>_Core\Basis</Filter>
    </ClCompile>
    <ClCompile Include="..\..\Linux_MAC\code\Core\Output\ColorRecord.cpp">
      <Filter>_Core\Output</Filter>
    </ClCompile>
    <ClCompile Include="..\..\Linux_MAC\code\Core\Output\ODEV_FILE.cpp">
      <Filter>_Core\Output</Filter>
    </ClCompile>
    <ClCompile Include="..\..\Linux_MAC\code\Core\Output\ODEV_LIST.cpp">
      <Filter>_Core\Output</Filter>
    </ClCompile>
    <ClCompile Include="..\..\Linux_MAC\code\Core\Output\ODEV_Node.cpp">
      <Filter>_Core\Output</Filter>
    </ClCompile>
    <ClCompile Include="..\..\Linux_MAC\code\Core\Output\ODEV_SDOUT.cpp">
      <Filter>_Core\Output</Filter>
    </ClCompile>
    <ClCompile Include="..\..\Linux_MAC\code\UIConsole\BIC\BIC_AUX.cpp">
      <Filter>_UIConsole\BIC</Filter>
    </ClCompile>
    <ClCompile Include="..\..\Linux_MAC\code\UIConsole\BIC\BIC_B.cpp">
      <Filter>_UIConsole\BIC</Filter>
    </ClCompile>
    <ClCompile Include="..\..\Linux_MAC\code\UIConsole\BIC\BIC_CMUX.cpp">
      <Filter>_UIConsole\BIC</Filter>
    </ClCompile>
    <ClCompile Include="..\..\Linux_MAC\code\UIConsole\BIC\BIC_COM.cpp">
      <Filter>_UIConsole\BIC</Filter>
    </ClCompile>
    <ClCompile Include="..\..\Linux_MAC\code\UIConsole\BIC\BIC_Connect.cpp">
      <Filter>_UIConsole\BIC</Filter>
    </ClCompile>
    <ClCompile Include="..\..\Linux_MAC\code\UIConsole\BIC\BIC_Other.cpp">
      <Filter>_UIConsole\BIC</Filter>
    </ClCompile>
    <ClCompile Include="..\..\Linux_MAC\code\UIConsole\BIC\BIC_Script.cpp">
      <Filter>_UIConsole\BIC</Filter>
    </ClCompile>
    <ClCompile Include="..\..\Linux_MAC\code\UIConsole\BIC\BIC_Socket.cpp">
      <Filter>_UIConsole\BIC</Filter>
    </ClCompile>
    <ClCompile Include="..\..\Linux_MAC\code\Core\Basis\Comm_FIFO.cpp">
      <Filter>_Core\Basis</Filter>
    </ClCompile>
    <ClCompile Include="..\..\Linux_MAC\code\Core\AppLayer\Script\SBIC_B.cpp">
      <Filter>_Core\AppLayer\SBIC</Filter>
    </ClCompile>
    <ClCompile Include="..\..\Linux_MAC\code\Core\AppLayer\Script\SBIC_Search.cpp">
      <Filter>_Core\AppLayer\SBIC</Filter>
    </ClCompile>
    <ClCompile Include="..\..\Linux_MAC\code\Core\AppLayer\Script\SBIC_Build.cpp">
      <Filter>_Core\AppLayer\SBIC</Filter>
    </ClCompile>
    <ClCompile Include="..\..\Linux_MAC\code\Core\AppLayer\Script\SBIC_Condition.cpp">
      <Filter>_Core\AppLayer\SBIC</Filter>
    </ClCompile>
    <ClCompile Include="..\..\Linux_MAC\code\Core\AppLayer\Script\Script.cpp">
      <Filter>_Core\AppLayer\SBIC</Filter>
    </ClCompile>
    <ClCompile Include="..\..\Linux_MAC\code\Core\AppLayer\Script\SBIC.cpp">
      <Filter>_Core\AppLayer\SBIC</Filter>
    </ClCompile>
    <ClCompile Include="..\..\Linux_MAC\code\Core\AppLayer\Script\SBIC_Expression.cpp">
      <Filter>_Core\AppLayer\SBIC</Filter>
    </ClCompile>
    <ClCompile Include="..\..\Linux_MAC\code\Core\AppLayer\Script\SBIC_RunExternal.cpp">
      <Filter>_Core\AppLayer\SBIC</Filter>
    </ClCompile>
    <ClCompile Include="..\..\Linux_MAC\code\Core\Win7\MBIM\MBIM_DeviceService.cpp">
      <Filter>_Core\Win7\MBIM</Filter>
    </ClCompile>
    <ClCompile Include="..\..\Linux_MAC\code\Core\Communication\Commu_NTPServer.cpp">
      <Filter>_Core\Communication</Filter>
    </ClCompile>
    <ClCompile Include="..\..\Linux_MAC\code\UIConsole\BIC\BuildInCommand.cpp">
      <Filter>_UIConsole\BIC</Filter>
    </ClCompile>
    <ClCompile Include="..\..\Linux_MAC\code\UIConsole\BIC\BIC_Calc.cpp">
      <Filter>_UIConsole\BIC</Filter>
    </ClCompile>
    <ClCompile Include="..\..\Linux_MAC\code\Core\Basis\Comm_Tree.cpp">
      <Filter>_Core\Basis</Filter>
    </ClCompile>
    <ClCompile Include="..\..\Linux_MAC\code\Core\BasisEx\Comm_Buffer.cpp">
      <Filter>_Core\BasisEx</Filter>
    </ClCompile>
    <ClCompile Include="..\..\Linux_MAC\code\Core\BasisEx\Comm_File.cpp">
      <Filter>_Core\BasisEx</Filter>
    </ClCompile>
    <ClCompile Include="..\..\Linux_MAC\code\Core\BasisEx\Comm_PA.cpp">
      <Filter>_Core\BasisEx</Filter>
    </ClCompile>
    <ClCompile Include="..\..\Linux_MAC\code\Core\BasisEx\Comm_Crypto.cpp">
      <Filter>_Core\BasisEx</Filter>
    </ClCompile>
    <ClCompile Include="..\..\Linux_MAC\code\Core\Communication\Commu_SSLSocket.cpp">
      <Filter>_Core\Communication</Filter>
    </ClCompile>
    <ClCompile Include="..\..\Linux_MAC\code\Core\Linecse\License_Checker.cpp">
      <Filter>_Core\Linecse</Filter>
    </ClCompile>
    <ClCompile Include="..\..\Linux_MAC\code\Core\Linecse\License_SSLSocket.cpp">
      <Filter>_Core\Linecse</Filter>
    </ClCompile>
    <ClCompile Include="..\..\Linux_MAC\code\Core\Linecse\SMC.cpp">
      <Filter>_Core\Linecse</Filter>
    </ClCompile>
    <ClCompile Include="..\..\Linux_MAC\code\Core\Linecse\SystemInfo.cpp">
      <Filter>_Core\Linecse</Filter>
    </ClCompile>
  </ItemGroup>
  <ItemGroup>
    <ResourceCompile Include="SDT.rc">
      <Filter>Resource Files</Filter>
    </ResourceCompile>
  </ItemGroup>
  <ItemGroup>
    <Image Include="res\menuimages.bmp">
      <Filter>Resource Files</Filter>
    </Image>
    <Image Include="res\Toolbar.bmp">
      <Filter>Resource Files</Filter>
    </Image>
    <Image Include="res\Toolbar256.bmp">
      <Filter>Resource Files</Filter>
    </Image>
    <Image Include="res\InUse\menuimages_hc.bmp">
      <Filter>Resource Files\InUse</Filter>
    </Image>
    <Image Include="res\InUse\GCPWnd.ico">
      <Filter>Resource Files\View</Filter>
    </Image>
    <Image Include="res\InUse\GCViewBarButton.bmp">
      <Filter>Resource Files\View</Filter>
    </Image>
    <Image Include="res\InUse\GCViewBarButton_hc.bmp">
      <Filter>Resource Files\View</Filter>
    </Image>
    <Image Include="res\InUse\GCWnd.ico">
      <Filter>Resource Files\View</Filter>
    </Image>
    <Image Include="res\InUse\SCViewBarButton_hc.bmp">
      <Filter>Resource Files\View</Filter>
    </Image>
    <Image Include="res\InUse\SCViewBarButton.bmp">
      <Filter>Resource Files\View</Filter>
    </Image>
    <Image Include="res\InUse\SCWND.ico">
      <Filter>Resource Files\View</Filter>
    </Image>
    <Image Include="res\InUse\RILarge.bmp">
      <Filter>Resource Files\Ribbon</Filter>
    </Image>
    <Image Include="res\InUse\properties_hc.bmp">
      <Filter>Resource Files\View</Filter>
    </Image>
    <Image Include="res\InUse\properties.bmp">
      <Filter>Resource Files\View</Filter>
    </Image>
    <Image Include="res\InUse\buttons.bmp">
      <Filter>Resource Files\Ribbon</Filter>
    </Image>
    <Image Include="res\InUse\RISmall.bmp">
      <Filter>Resource Files\Ribbon</Filter>
    </Image>
    <Image Include="res\InUse\DLBarButton.bmp">
      <Filter>Resource Files\InUse</Filter>
    </Image>
    <Image Include="res\InUse\DLBarButton_hc.bmp">
      <Filter>Resource Files\InUse</Filter>
    </Image>
    <Image Include="res\InUse\GCCommandWnd.ico">
      <Filter>Resource Files\View</Filter>
    </Image>
    <Image Include="res\InUse\SocketDisconnect.bmp">
      <Filter>Resource Files\View</Filter>
    </Image>
    <Image Include="res\InUse\SocketDisconnect_HC.bmp">
      <Filter>Resource Files\View</Filter>
    </Image>
    <Image Include="res\inuse\SDT-1.ico">
      <Filter>Resource Files\InUse</Filter>
    </Image>
    <Image Include="res\InUse\Calculator.ico">
      <Filter>Resource Files\View</Filter>
    </Image>
    <Image Include="res\InUse\Send.ico">
      <Filter>Resource Files\View</Filter>
    </Image>
    <Image Include="res\MCFrm.ico">
      <Filter>Resource Files\InUse</Filter>
    </Image>
    <Image Include="res\SocketFrm.ico">
      <Filter>Resource Files\InUse</Filter>
    </Image>
    <Image Include="res\SDTDoc.ico">
      <Filter>Resource Files\InUse</Filter>
    </Image>
    <Image Include="res\main.bmp">
      <Filter>Resource Files\InUse</Filter>
    </Image>
    <Image Include="res\InUse\RISmallCMUX.bmp">
      <Filter>Resource Files\Ribbon</Filter>
    </Image>
    <Image Include="res\InUse\RILargeCMUX.bmp">
      <Filter>Resource Files\Ribbon</Filter>
    </Image>
  </ItemGroup>
  <ItemGroup>
    <None Include="res\SDT.rc2">
      <Filter>Resource Files</Filter>
    </None>
    <None Include="res\inuse\ribbon.mfcribbon-ms">
      <Filter>Resource Files\Ribbon</Filter>
    </None>
    <None Include="res\inuse\ribbon1.mfcribbon-ms">
      <Filter>Resource Files</Filter>
    </None>
  </ItemGroup>
</Project>